PODS:
  - AFNetworking (2.4.1):
    - AFNetworking/NSURLConnection
    - AFNetworking/NSURLSession
    - AFNetworking/Reachability
    - AFNetworking/Security
    - AFNetworking/Serialization
    - AFNetworking/UIKit
  - AFNetworking/NSURLConnection (2.4.1):
    - AFNetworking/Reachability
    - AFNetworking/Security
    - AFNetworking/Serialization
  - AFNetworking/NSURLSession (2.4.1):
    - AFNetworking/Reachability
    - AFNetworking/Security
    - AFNetworking/Serialization
  - AFNetworking/Reachability (2.4.1)
  - AFNetworking/Security (2.4.1)
  - AFNetworking/Serialization (2.4.1)
  - AFNetworking/UIKit (2.4.1):
    - AFNetworking/NSURLConnection
    - AFNetworking/NSURLSession
  - AnimatedGIFImageSerialization (0.2.0)
  - APAddressBook (0.1.4):
    - APAddressBook/Core
  - APAddressBook/Core (0.1.4)
  - AttributedMarkdown (0.9.2)
  - Bolts (1.1.3)
  - CrashlyticsFramework (2.2.5.1)
  - EasyDimensions (0.1.0)
  - Facebook-iOS-SDK (3.20.0):
    - Bolts (~> 1.0)
  - FMDB (2.3):
    - FMDB/standard
  - FMDB/common (2.3)
  - FMDB/standard (2.3):
    - FMDB/common
  - GRMustache (6.8.3):
    - JRSwizzle (~> 1.0)
  - JASidePanels (1.3.2)
  - JRSwizzle (1.0)
  - Kiwi/ARC (2.2.4)
  - Kiwi/NonARC (2.2.4)
  - Kiwi/XCTest (2.2.4):
    - Kiwi/ARC
    - Kiwi/NonARC
  - Mantle (1.5.1):
    - Mantle/extobjc
  - Mantle/extobjc (1.5.1)
  - Mapbox-iOS-SDK (1.4.1):
    - FMDB (= 2.3)
    - GRMustache (= 6.8.3)
    - SMCalloutView (= 2.0)
  - Mixpanel (2.5.4)
  - MSKit (0.1.2)
  - MYBlurIntroductionView (1.0.3)
  - NSDate+Calendar (0.0.5)
  - NYXImagesKit (2.3)
  - OpenSSL (1.0.109)
  - ReactiveCocoa (2.3.1):
    - ReactiveCocoa/UI
  - ReactiveCocoa/Core (2.3.1):
    - ReactiveCocoa/no-arc
  - ReactiveCocoa/no-arc (2.3.1)
  - ReactiveCocoa/UI (2.3.1):
    - ReactiveCocoa/Core
  - RMStore (0.6.0):
    - RMStore/Core
  - RMStore/AppReceiptVerificator (0.6.0):
    - OpenSSL (~> 1.0.1)
    - RMStore/Core
  - RMStore/Core (0.6.0)
  - RQShineLabel (0.1.3)
  - RSKit (0.1.8):
    - RSKit/Foundation
    - RSKit/SpriteKit
    - RSKit/UIKit
  - RSKit/Foundation (0.1.8)
  - RSKit/SpriteKit (0.1.8)
  - RSKit/UIKit (0.1.8)
  - SMCalloutView (2.0)
  - SSKeychain (1.2.2)
  - SVProgressHUD (1.0)
  - TPActivityFramework (0.1.0):
    - Mapbox-iOS-SDK
    - MYBlurIntroductionView
    - NSDate+Calendar
    - NYXImagesKit
    - TPActivityFramework/TPReminderView
    - TPServiceFramework
  - TPActivityFramework/TPReminderView (0.1.0):
    - Mapbox-iOS-SDK
    - MYBlurIntroductionView
    - NSDate+Calendar
    - NYXImagesKit
    - TPServiceFramework
  - TPCaseTheJoint (0.1.0)
  - TPGameFramework (1.0.0):
    - AnimatedGIFImageSerialization
    - Mixpanel
    - MSKit
    - MYBlurIntroductionView
    - TPGameFramework/TPBadges
    - TPGameFramework/TPCategories
    - TPGameFramework/TPDesign
    - TPGameFramework/TPGameAbstract
    - TPGameFramework/TPIAP
    - TPGameFramework/TPLeaderboard
    - TPGameFramework/TPMission
    - TPGameFramework/TPQuizAbstract
    - TPGameFramework/TPUtils
    - TPServiceFramework
    - TPToolkit
  - TPGameFramework/TPBadges (1.0.0):
    - AnimatedGIFImageSerialization
    - Mixpanel
    - MSKit
    - MYBlurIntroductionView
    - TPServiceFramework
    - TPToolkit
  - TPGameFramework/TPCategories (1.0.0):
    - AnimatedGIFImageSerialization
    - Mixpanel
    - MSKit
    - MYBlurIntroductionView
    - TPServiceFramework
    - TPToolkit
  - TPGameFramework/TPDesign (1.0.0):
    - AnimatedGIFImageSerialization
    - Mixpanel
    - MSKit
    - MYBlurIntroductionView
    - TPServiceFramework
    - TPToolkit
  - TPGameFramework/TPGameAbstract (1.0.0):
    - AnimatedGIFImageSerialization
    - Mixpanel
    - MSKit
    - MYBlurIntroductionView
    - TPServiceFramework
    - TPToolkit
  - TPGameFramework/TPIAP (1.0.0):
    - AnimatedGIFImageSerialization
    - Mixpanel
    - MSKit
    - MYBlurIntroductionView
    - TPServiceFramework
    - TPToolkit
  - TPGameFramework/TPLeaderboard (1.0.0):
    - AnimatedGIFImageSerialization
    - Mixpanel
    - MSKit
    - MYBlurIntroductionView
    - TPServiceFramework
    - TPToolkit
  - TPGameFramework/TPMission (1.0.0):
    - AnimatedGIFImageSerialization
    - Mixpanel
    - MSKit
    - MYBlurIntroductionView
    - TPServiceFramework
    - TPToolkit
  - TPGameFramework/TPQuizAbstract (1.0.0):
    - AnimatedGIFImageSerialization
    - Mixpanel
    - MSKit
    - MYBlurIntroductionView
    - TPServiceFramework
    - TPToolkit
  - TPGameFramework/TPUtils (1.0.0):
    - AnimatedGIFImageSerialization
    - Mixpanel
    - MSKit
    - MYBlurIntroductionView
    - TPServiceFramework
    - TPToolkit
  - TPPersonalityParty (0.1.0):
    - RSKit (~> 0.1.8)
    - TPGameFramework
  - TPServiceFramework (1.0.0):
    - TPServiceFramework/TPBaseService
    - TPServiceFramework/TPCatalogService
    - TPServiceFramework/TPEventService
    - TPServiceFramework/TPGameStateService
  - TPServiceFramework/TPBaseService (1.0.0):
    - AFNetworking (~> 2.0)
    - Facebook-iOS-SDK (~> 3.14)
    - Mantle (~> 1.3)
    - Mixpanel (~> 2.3)
    - ReactiveCocoa (~> 2.2)
    - SSKeychain (~> 1.2)
  - TPServiceFramework/TPCatalogService (1.0.0):
    - AFNetworking (~> 2.0)
    - Mantle (~> 1.3)
    - ReactiveCocoa (~> 2.2)
    - TPServiceFramework/TPBaseService
  - TPServiceFramework/TPEventService (1.0.0):
    - AFNetworking (~> 2.0)
    - Mantle (~> 1.3)
    - ReactiveCocoa (~> 2.2)
    - TPServiceFramework/TPBaseService
  - TPServiceFramework/TPGameStateService (1.0.0):
    - AFNetworking (~> 2.0)
    - Mantle (~> 1.3)
    - ReactiveCocoa (~> 2.2)
    - TPServiceFramework/TPBaseService
  - TPToolkit (1.0.0):
    - Mixpanel
    - RMStore
    - RMStore/AppReceiptVerificator
    - SVProgressHUD
    - TPToolkit/KTOneFingerRotationGestureRecognizer
    - TPToolkit/TPAchievements
    - TPToolkit/TPCategories
    - TPToolkit/TPIAP
    - TPToolkit/TPReusableViews
    - TPToolkit/TPUIKit
    - TPToolkit/TPUtilities
  - TPToolkit/KTOneFingerRotationGestureRecognizer (1.0.0):
    - Mixpanel
    - RMStore
    - RMStore/AppReceiptVerificator
    - SVProgressHUD
  - TPToolkit/TPAchievements (1.0.0):
    - Mixpanel
    - RMStore
    - RMStore/AppReceiptVerificator
    - SVProgressHUD
  - TPToolkit/TPCategories (1.0.0):
    - Mixpanel
    - RMStore
    - RMStore/AppReceiptVerificator
    - SVProgressHUD
  - TPToolkit/TPIAP (1.0.0):
    - Mixpanel
    - RMStore
    - RMStore/AppReceiptVerificator
    - SVProgressHUD
  - TPToolkit/TPReusableViews (1.0.0):
    - Mixpanel
    - RMStore
    - RMStore/AppReceiptVerificator
    - SVProgressHUD
  - TPToolkit/TPUIKit (1.0.0):
    - Mixpanel
    - RMStore
    - RMStore/AppReceiptVerificator
    - SVProgressHUD
  - TPToolkit/TPUtilities (1.0.0):
    - Mixpanel
    - RMStore
    - RMStore/AppReceiptVerificator
    - SVProgressHUD

DEPENDENCIES:
  - APAddressBook
  - AttributedMarkdown (from `https://github.com/tidepool/AttributedMarkdown`)
  - CrashlyticsFramework
  - EasyDimensions (from `https://github.com/ravikvss/EasyDimensions`)
  - JASidePanels
  - Kiwi/XCTest (= 2.2.4)
  - MSKit (from `https://github.com/e7mac/MSKit`)
  - RQShineLabel (from `https://github.com/zipme/RQShineLabel.git`)
  - TPActivityFramework (from `../../../TPActivityFramework/TPActivityFramework.podspec`)
  - TPCaseTheJoint (from `git@github.com:tidepool/TPCaseTheJoint`)
  - TPGameFramework (from `../../../TPGameFramework/TPGameFramework.podspec`)
  - TPPersonalityParty (from `../TPPersonalityParty.podspec`)
  - TPServiceFramework (from `../../../TPServiceFramework/TPServiceFramework.podspec`)
  - TPToolkit (from `../../../TPToolkit/TPToolkit.podspec`)

EXTERNAL SOURCES:
  AttributedMarkdown:
    :git: https://github.com/tidepool/AttributedMarkdown
  EasyDimensions:
    :git: https://github.com/ravikvss/EasyDimensions
  MSKit:
    :git: https://github.com/e7mac/MSKit
  RQShineLabel:
    :git: https://github.com/zipme/RQShineLabel.git
  TPActivityFramework:
    :path: ../../../TPActivityFramework/TPActivityFramework.podspec
  TPCaseTheJoint:
    :git: git@github.com:tidepool/TPCaseTheJoint
  TPGameFramework:
    :path: ../../../TPGameFramework/TPGameFramework.podspec
  TPPersonalityParty:
    :path: ../TPPersonalityParty.podspec
  TPServiceFramework:
    :path: ../../../TPServiceFramework/TPServiceFramework.podspec
  TPToolkit:
    :path: ../../../TPToolkit/TPToolkit.podspec

SPEC CHECKSUMS:
  AFNetworking: 0aabc6fae66d6e5d039eeb21c315843c7aae51ab
  AnimatedGIFImageSerialization: ee2b8f04ec1143dd196cac160a7b119753891825
  APAddressBook: 2b23557950065f8eb048e421dd4a18373f69949b
  AttributedMarkdown: de3267724c9e2175e1fc398184d03ba6697766ef
  Bolts: 3db0a875235e0c9042b013af13af0f00f79b102c
  CrashlyticsFramework: 195dfef587ade7a3954ce8effd483a3879d35877
  EasyDimensions: b20fd8008431f49f02e22d547aae1eeeae13acc7
  Facebook-iOS-SDK: 5854404b4b651f612a8ef79ca06d766858f4cb8e
  FMDB: 31ec26773c7f7b7890a6038235a1f2bbd933a7cb
  GRMustache: ab96109b7ba4b9568425bea40d6cd2cdc7582b6c
  JASidePanels: ca943907d88a0738c80755204c6098969d43e4e9
  JRSwizzle: 30da7a2c539a4ebf954b16d15f6dd8221c9f6fa5
  Kiwi: c73667f2b84cbf36f1a3830267c5a4ae8dcbd8ba
  Mantle: d7c5ac734579ec751c58fecbf56189853056c58c
  Mapbox-iOS-SDK: f3c46afe1af0d8ea7863b33ba9e96d94606d4784
  Mixpanel: 87167a0b0a74f11f0ee3787f291357494730617c
  MSKit: 25acbc4fee000369029bfc779fe5ea70d3c6000f
  MYBlurIntroductionView: 6caf60805eaa555538aba9e2615820fd6f07cd23
  NSDate+Calendar: 033ae5ec36c72703516293ad38df47addd8661e3
  NYXImagesKit: 1c9f228ae78fab475d267b3b3a1308e0fba11731
  OpenSSL: 4810adf5c99b0e2cd20670a11a987c805e8a521c
  ReactiveCocoa: dca75777b9d18990c8714a3a6f2149f29b4d1462
  RMStore: e56d74f57a8e0ae0eaa04643d44f7686e646cfba
  RQShineLabel: 076d440ea8ca67fabbb5e1e089bcd9201774b711
  RSKit: 649ee08f7ac973c207ac02352910e6667b3b5310
  SMCalloutView: c1906604d47c058400ade5c9d52ab98aa77b7e76
  SSKeychain: cc48bd3ad24fcd9125adb9e0d23dd50b8bbd08b9
  SVProgressHUD: 5034c6e22b8c2ca3e09402e48d41ed0340aa1c50
  TPActivityFramework: 17f13bc1e38aba1b60572b6b9ece0a681b163001
  TPCaseTheJoint: 254c8d4c4aac68e03fcbfd4ec612491fd9c5c77f
  TPGameFramework: 8379606509d5e6b8d3abd6cd3bef6ad0e617a155
  TPPersonalityParty: d582257aeffb4929f4f9a9cdfcb4c2ba16d5b997
  TPServiceFramework: acd5583b32138a21b33a4a2c0fae21012addd684
  TPToolkit: ac12598fe25c41049895c3ed4c78456edf2db677

COCOAPODS: 0.34.4
