// !$*UTF8*$!
{
	archiveVersion = 1;
	classes = {
	};
	objectVersion = 46;
	objects = {

/* Begin PBXBuildFile section */
		0FE7E096F98D48F1B855B3AA /* libPods.a in Frameworks */ = {isa = PBXBuildFile; fileRef = 8A8A80763C1E460C8D382C49 /* libPods.a */; };
		96E380641A148D8A00967BF4 /* .gitkeep in Resources */ = {isa = PBXBuildFile; fileRef = 96E37FF61A148D8A00967BF4 /* .gitkeep */; };
		96E380651A148D8A00967BF4 /* afterparty-bg.jpg in Resources */ = {isa = PBXBuildFile; fileRef = 96E37FF81A148D8A00967BF4 /* afterparty-bg.jpg */; };
		96E380661A148D8A00967BF4 /* afterparty-bg@2x.jpg in Resources */ = {isa = PBXBuildFile; fileRef = 96E37FF91A148D8A00967BF4 /* afterparty-bg@2x.jpg */; };
		96E380671A148D8A00967BF4 /* afterparty-blur-bg.jpg in Resources */ = {isa = PBXBuildFile; fileRef = 96E37FFA1A148D8A00967BF4 /* afterparty-blur-bg.jpg */; };
		96E380681A148D8A00967BF4 /* afterparty-blur-bg@2x.jpg in Resources */ = {isa = PBXBuildFile; fileRef = 96E37FFB1A148D8A00967BF4 /* afterparty-blur-bg@2x.jpg */; };
		96E380691A148D8A00967BF4 /* arrived-aquantance.png in Resources */ = {isa = PBXBuildFile; fileRef = 96E37FFC1A148D8A00967BF4 /* arrived-aquantance.png */; };
		96E3806A1A148D8A00967BF4 /* arrived-aquantance@2x.png in Resources */ = {isa = PBXBuildFile; fileRef = 96E37FFD1A148D8A00967BF4 /* arrived-aquantance@2x.png */; };
		96E3806B1A148D8A00967BF4 /* arrived-bg.jpg in Resources */ = {isa = PBXBuildFile; fileRef = 96E37FFE1A148D8A00967BF4 /* arrived-bg.jpg */; };
		96E3806C1A148D8A00967BF4 /* arrived-bg@2x.jpg in Resources */ = {isa = PBXBuildFile; fileRef = 96E37FFF1A148D8A00967BF4 /* arrived-bg@2x.jpg */; };
		96E3806D1A148D8A00967BF4 /* arrived-bubble-aquantance.png in Resources */ = {isa = PBXBuildFile; fileRef = 96E380001A148D8A00967BF4 /* arrived-bubble-aquantance.png */; };
		96E3806E1A148D8A00967BF4 /* arrived-bubble-aquantance@2x.png in Resources */ = {isa = PBXBuildFile; fileRef = 96E380011A148D8A00967BF4 /* arrived-bubble-aquantance@2x.png */; };
		96E3806F1A148D8A00967BF4 /* arrived-bubble-balcony.png in Resources */ = {isa = PBXBuildFile; fileRef = 96E380021A148D8A00967BF4 /* arrived-bubble-balcony.png */; };
		96E380701A148D8A00967BF4 /* arrived-bubble-balcony@2x.png in Resources */ = {isa = PBXBuildFile; fileRef = 96E380031A148D8A00967BF4 /* arrived-bubble-balcony@2x.png */; };
		96E380711A148D8A00967BF4 /* arrived-bubble-food.png in Resources */ = {isa = PBXBuildFile; fileRef = 96E380041A148D8A00967BF4 /* arrived-bubble-food.png */; };
		96E380721A148D8A00967BF4 /* arrived-bubble-food@2x.png in Resources */ = {isa = PBXBuildFile; fileRef = 96E380051A148D8A00967BF4 /* arrived-bubble-food@2x.png */; };
		96E380731A148D8A00967BF4 /* arrived-bubble-mysteriousstrangers.png in Resources */ = {isa = PBXBuildFile; fileRef = 96E380061A148D8A00967BF4 /* arrived-bubble-mysteriousstrangers.png */; };
		96E380741A148D8A00967BF4 /* arrived-bubble-mysteriousstrangers@2x.png in Resources */ = {isa = PBXBuildFile; fileRef = 96E380071A148D8A00967BF4 /* arrived-bubble-mysteriousstrangers@2x.png */; };
		96E380751A148D8A00967BF4 /* arrived-food.png in Resources */ = {isa = PBXBuildFile; fileRef = 96E380081A148D8A00967BF4 /* arrived-food.png */; };
		96E380761A148D8A00967BF4 /* arrived-food@2x.png in Resources */ = {isa = PBXBuildFile; fileRef = 96E380091A148D8A00967BF4 /* arrived-food@2x.png */; };
		96E380771A148D8A00967BF4 /* arrived-mysteriousstrangers.png in Resources */ = {isa = PBXBuildFile; fileRef = 96E3800A1A148D8A00967BF4 /* arrived-mysteriousstrangers.png */; };
		96E380781A148D8A00967BF4 /* arrived-mysteriousstrangers@2x.png in Resources */ = {isa = PBXBuildFile; fileRef = 96E3800B1A148D8A00967BF4 /* arrived-mysteriousstrangers@2x.png */; };
		96E380791A148D8A00967BF4 /* audience-bg.jpg in Resources */ = {isa = PBXBuildFile; fileRef = 96E3800C1A148D8A00967BF4 /* audience-bg.jpg */; };
		96E3807A1A148D8A00967BF4 /* audience-bg@2x.jpg in Resources */ = {isa = PBXBuildFile; fileRef = 96E3800D1A148D8A00967BF4 /* audience-bg@2x.jpg */; };
		96E3807B1A148D8A00967BF4 /* audience-blur-bg.jpg in Resources */ = {isa = PBXBuildFile; fileRef = 96E3800E1A148D8A00967BF4 /* audience-blur-bg.jpg */; };
		96E3807C1A148D8A00967BF4 /* audience-blur-bg@2x.jpg in Resources */ = {isa = PBXBuildFile; fileRef = 96E3800F1A148D8A00967BF4 /* audience-blur-bg@2x.jpg */; };
		96E3807D1A148D8A00967BF4 /* badnews-bg.jpg in Resources */ = {isa = PBXBuildFile; fileRef = 96E380101A148D8A00967BF4 /* badnews-bg.jpg */; };
		96E3807E1A148D8A00967BF4 /* badnews-bg@2x.jpg in Resources */ = {isa = PBXBuildFile; fileRef = 96E380111A148D8A00967BF4 /* badnews-bg@2x.jpg */; };
		96E3807F1A148D8A00967BF4 /* badnews-blur-bg.jpg in Resources */ = {isa = PBXBuildFile; fileRef = 96E380121A148D8A00967BF4 /* badnews-blur-bg.jpg */; };
		96E380801A148D8A00967BF4 /* badnews-blur-bg@2x.jpg in Resources */ = {isa = PBXBuildFile; fileRef = 96E380131A148D8A00967BF4 /* badnews-blur-bg@2x.jpg */; };
		96E380811A148D8A00967BF4 /* badnews-cellphone.png in Resources */ = {isa = PBXBuildFile; fileRef = 96E380141A148D8A00967BF4 /* badnews-cellphone.png */; };
		96E380821A148D8A00967BF4 /* badnews-cellphone@2x.png in Resources */ = {isa = PBXBuildFile; fileRef = 96E380151A148D8A00967BF4 /* badnews-cellphone@2x.png */; };
		96E380831A148D8A00967BF4 /* beliefs-bg.jpg in Resources */ = {isa = PBXBuildFile; fileRef = 96E380161A148D8A00967BF4 /* beliefs-bg.jpg */; };
		96E380841A148D8A00967BF4 /* beliefs-bg@2x.jpg in Resources */ = {isa = PBXBuildFile; fileRef = 96E380171A148D8A00967BF4 /* beliefs-bg@2x.jpg */; };
		96E380851A148D8A00967BF4 /* beliefs-blur-bg.jpg in Resources */ = {isa = PBXBuildFile; fileRef = 96E380181A148D8A00967BF4 /* beliefs-blur-bg.jpg */; };
		96E380861A148D8A00967BF4 /* beliefs-blur-bg@2x.jpg in Resources */ = {isa = PBXBuildFile; fileRef = 96E380191A148D8A00967BF4 /* beliefs-blur-bg@2x.jpg */; };
		96E380871A148D8A00967BF4 /* beliefs-speechbubble.png in Resources */ = {isa = PBXBuildFile; fileRef = 96E3801A1A148D8A00967BF4 /* beliefs-speechbubble.png */; };
		96E380881A148D8A00967BF4 /* beliefs-speechbubble@2x.png in Resources */ = {isa = PBXBuildFile; fileRef = 96E3801B1A148D8A00967BF4 /* beliefs-speechbubble@2x.png */; };
		96E380891A148D8A00967BF4 /* cleanupwine-bg.jpg in Resources */ = {isa = PBXBuildFile; fileRef = 96E3801C1A148D8A00967BF4 /* cleanupwine-bg.jpg */; };
		96E3808A1A148D8A00967BF4 /* cleanupwine-bg@2x.jpg in Resources */ = {isa = PBXBuildFile; fileRef = 96E3801D1A148D8A00967BF4 /* cleanupwine-bg@2x.jpg */; };
		96E3808B1A148D8A00967BF4 /* cleanupwine-blur-bg.jpg in Resources */ = {isa = PBXBuildFile; fileRef = 96E3801E1A148D8A00967BF4 /* cleanupwine-blur-bg.jpg */; };
		96E3808C1A148D8A00967BF4 /* cleanupwine-blur-bg@2x.jpg in Resources */ = {isa = PBXBuildFile; fileRef = 96E3801F1A148D8A00967BF4 /* cleanupwine-blur-bg@2x.jpg */; };
		96E3808D1A148D8A00967BF4 /* food-bg.jpg in Resources */ = {isa = PBXBuildFile; fileRef = 96E380201A148D8A00967BF4 /* food-bg.jpg */; };
		96E3808E1A148D8A00967BF4 /* food-bg@2x.jpg in Resources */ = {isa = PBXBuildFile; fileRef = 96E380211A148D8A00967BF4 /* food-bg@2x.jpg */; };
		96E3808F1A148D8A00967BF4 /* food-bubble-comfort.png in Resources */ = {isa = PBXBuildFile; fileRef = 96E380221A148D8A00967BF4 /* food-bubble-comfort.png */; };
		96E380901A148D8A00967BF4 /* food-bubble-comfort@2x.png in Resources */ = {isa = PBXBuildFile; fileRef = 96E380231A148D8A00967BF4 /* food-bubble-comfort@2x.png */; };
		96E380911A148D8A00967BF4 /* food-bubble-foreign.png in Resources */ = {isa = PBXBuildFile; fileRef = 96E380241A148D8A00967BF4 /* food-bubble-foreign.png */; };
		96E380921A148D8A00967BF4 /* food-bubble-foreign@2x.png in Resources */ = {isa = PBXBuildFile; fileRef = 96E380251A148D8A00967BF4 /* food-bubble-foreign@2x.png */; };
		96E380931A148D8A00967BF4 /* food-bubble-host.png in Resources */ = {isa = PBXBuildFile; fileRef = 96E380261A148D8A00967BF4 /* food-bubble-host.png */; };
		96E380941A148D8A00967BF4 /* food-bubble-host@2x.png in Resources */ = {isa = PBXBuildFile; fileRef = 96E380271A148D8A00967BF4 /* food-bubble-host@2x.png */; };
		96E380951A148D8A00967BF4 /* food-bubble-spicy.png in Resources */ = {isa = PBXBuildFile; fileRef = 96E380281A148D8A00967BF4 /* food-bubble-spicy.png */; };
		96E380961A148D8A00967BF4 /* food-bubble-spicy@2x.png in Resources */ = {isa = PBXBuildFile; fileRef = 96E380291A148D8A00967BF4 /* food-bubble-spicy@2x.png */; };
		96E380971A148D8A00967BF4 /* food-comfort.png in Resources */ = {isa = PBXBuildFile; fileRef = 96E3802A1A148D8A00967BF4 /* food-comfort.png */; };
		96E380981A148D8A00967BF4 /* food-comfort@2x.png in Resources */ = {isa = PBXBuildFile; fileRef = 96E3802B1A148D8A00967BF4 /* food-comfort@2x.png */; };
		96E380991A148D8A00967BF4 /* food-foreign.png in Resources */ = {isa = PBXBuildFile; fileRef = 96E3802C1A148D8A00967BF4 /* food-foreign.png */; };
		96E3809A1A148D8A00967BF4 /* food-foreign@2x.png in Resources */ = {isa = PBXBuildFile; fileRef = 96E3802D1A148D8A00967BF4 /* food-foreign@2x.png */; };
		96E3809B1A148D8A00967BF4 /* food-host.png in Resources */ = {isa = PBXBuildFile; fileRef = 96E3802E1A148D8A00967BF4 /* food-host.png */; };
		96E3809C1A148D8A00967BF4 /* food-host@2x.png in Resources */ = {isa = PBXBuildFile; fileRef = 96E3802F1A148D8A00967BF4 /* food-host@2x.png */; };
		96E3809D1A148D8A00967BF4 /* food-spicy.png in Resources */ = {isa = PBXBuildFile; fileRef = 96E380301A148D8A00967BF4 /* food-spicy.png */; };
		96E3809E1A148D8A00967BF4 /* food-spicy@2x.png in Resources */ = {isa = PBXBuildFile; fileRef = 96E380311A148D8A00967BF4 /* food-spicy@2x.png */; };
		96E3809F1A148D8A00967BF4 /* goodbye-arm.png in Resources */ = {isa = PBXBuildFile; fileRef = 96E380321A148D8A00967BF4 /* goodbye-arm.png */; };
		96E380A01A148D8A00967BF4 /* goodbye-arm@2x.png in Resources */ = {isa = PBXBuildFile; fileRef = 96E380331A148D8A00967BF4 /* goodbye-arm@2x.png */; };
		96E380A11A148D8A00967BF4 /* goodbye-bg.jpg in Resources */ = {isa = PBXBuildFile; fileRef = 96E380341A148D8A00967BF4 /* goodbye-bg.jpg */; };
		96E380A21A148D8A00967BF4 /* goodbye-bg@2x.jpg in Resources */ = {isa = PBXBuildFile; fileRef = 96E380351A148D8A00967BF4 /* goodbye-bg@2x.jpg */; };
		96E380A31A148D8A00967BF4 /* goodbye-blur-bg.jpg in Resources */ = {isa = PBXBuildFile; fileRef = 96E380361A148D8A00967BF4 /* goodbye-blur-bg.jpg */; };
		96E380A41A148D8A00967BF4 /* goodbye-blur-bg@2x.jpg in Resources */ = {isa = PBXBuildFile; fileRef = 96E380371A148D8A00967BF4 /* goodbye-blur-bg@2x.jpg */; };
		96E380A51A148D8A00967BF4 /* knockoverwine-bg.jpg in Resources */ = {isa = PBXBuildFile; fileRef = 96E380381A148D8A00967BF4 /* knockoverwine-bg.jpg */; };
		96E380A61A148D8A00967BF4 /* knockoverwine-bg@2x.jpg in Resources */ = {isa = PBXBuildFile; fileRef = 96E380391A148D8A00967BF4 /* knockoverwine-bg@2x.jpg */; };
		96E380A71A148D8A00967BF4 /* knockoverwine-blur-bg.jpg in Resources */ = {isa = PBXBuildFile; fileRef = 96E3803A1A148D8A00967BF4 /* knockoverwine-blur-bg.jpg */; };
		96E380A81A148D8A00967BF4 /* knockoverwine-blur-bg@2x.jpg in Resources */ = {isa = PBXBuildFile; fileRef = 96E3803B1A148D8A00967BF4 /* knockoverwine-blur-bg@2x.jpg */; };
		96E380A91A148D8A00967BF4 /* messyroom-bg.jpg in Resources */ = {isa = PBXBuildFile; fileRef = 96E3803C1A148D8A00967BF4 /* messyroom-bg.jpg */; };
		96E380AA1A148D8A00967BF4 /* messyroom-bg@2x.jpg in Resources */ = {isa = PBXBuildFile; fileRef = 96E3803D1A148D8A00967BF4 /* messyroom-bg@2x.jpg */; };
		96E380AB1A148D8A00967BF4 /* messyroom-blur-bg.jpg in Resources */ = {isa = PBXBuildFile; fileRef = 96E3803E1A148D8A00967BF4 /* messyroom-blur-bg.jpg */; };
		96E380AC1A148D8A00967BF4 /* messyroom-blur-bg@2x.jpg in Resources */ = {isa = PBXBuildFile; fileRef = 96E3803F1A148D8A00967BF4 /* messyroom-blur-bg@2x.jpg */; };
		96E380AD1A148D8A00967BF4 /* messyroom-cellphone.png in Resources */ = {isa = PBXBuildFile; fileRef = 96E380401A148D8A00967BF4 /* messyroom-cellphone.png */; };
		96E380AE1A148D8A00967BF4 /* messyroom-cellphone@2x.png in Resources */ = {isa = PBXBuildFile; fileRef = 96E380411A148D8A00967BF4 /* messyroom-cellphone@2x.png */; };
		96E380AF1A148D8A00967BF4 /* religioustalk-bg.jpg in Resources */ = {isa = PBXBuildFile; fileRef = 96E380421A148D8A00967BF4 /* religioustalk-bg.jpg */; };
		96E380B01A148D8A00967BF4 /* religioustalk-bg@2x.jpg in Resources */ = {isa = PBXBuildFile; fileRef = 96E380431A148D8A00967BF4 /* religioustalk-bg@2x.jpg */; };
		96E380B11A148D8A00967BF4 /* religioustalk-blur-bg.jpg in Resources */ = {isa = PBXBuildFile; fileRef = 96E380441A148D8A00967BF4 /* religioustalk-blur-bg.jpg */; };
		96E380B21A148D8A00967BF4 /* religioustalk-blur-bg@2x.jpg in Resources */ = {isa = PBXBuildFile; fileRef = 96E380451A148D8A00967BF4 /* religioustalk-blur-bg@2x.jpg */; };
		96E380B31A148D8A00967BF4 /* samantha1-bg.jpg in Resources */ = {isa = PBXBuildFile; fileRef = 96E380461A148D8A00967BF4 /* samantha1-bg.jpg */; };
		96E380B41A148D8A00967BF4 /* samantha1-bg@2x.jpg in Resources */ = {isa = PBXBuildFile; fileRef = 96E380471A148D8A00967BF4 /* samantha1-bg@2x.jpg */; };
		96E380B51A148D8A00967BF4 /* samantha1-blur-bg.jpg in Resources */ = {isa = PBXBuildFile; fileRef = 96E380481A148D8A00967BF4 /* samantha1-blur-bg.jpg */; };
		96E380B61A148D8A00967BF4 /* samantha1-blur-bg@2x.jpg in Resources */ = {isa = PBXBuildFile; fileRef = 96E380491A148D8A00967BF4 /* samantha1-blur-bg@2x.jpg */; };
		96E380B71A148D8A00967BF4 /* samantha2-3-speechbubble.png in Resources */ = {isa = PBXBuildFile; fileRef = 96E3804A1A148D8A00967BF4 /* samantha2-3-speechbubble.png */; };
		96E380B81A148D8A00967BF4 /* samantha2-3-speechbubble@2x.png in Resources */ = {isa = PBXBuildFile; fileRef = 96E3804B1A148D8A00967BF4 /* samantha2-3-speechbubble@2x.png */; };
		96E380B91A148D8A00967BF4 /* samantha2-bg.jpg in Resources */ = {isa = PBXBuildFile; fileRef = 96E3804C1A148D8A00967BF4 /* samantha2-bg.jpg */; };
		96E380BA1A148D8A00967BF4 /* samantha2-bg@2x.jpg in Resources */ = {isa = PBXBuildFile; fileRef = 96E3804D1A148D8A00967BF4 /* samantha2-bg@2x.jpg */; };
		96E380BB1A148D8A00967BF4 /* samantha2-blur-bg.jpg in Resources */ = {isa = PBXBuildFile; fileRef = 96E3804E1A148D8A00967BF4 /* samantha2-blur-bg.jpg */; };
		96E380BC1A148D8A00967BF4 /* samantha2-blur-bg@2x.jpg in Resources */ = {isa = PBXBuildFile; fileRef = 96E3804F1A148D8A00967BF4 /* samantha2-blur-bg@2x.jpg */; };
		96E380BD1A148D8A00967BF4 /* samantha3-bg.jpg in Resources */ = {isa = PBXBuildFile; fileRef = 96E380501A148D8A00967BF4 /* samantha3-bg.jpg */; };
		96E380BE1A148D8A00967BF4 /* samantha3-bg@2x.jpg in Resources */ = {isa = PBXBuildFile; fileRef = 96E380511A148D8A00967BF4 /* samantha3-bg@2x.jpg */; };
		96E380BF1A148D8A00967BF4 /* samantha3-blur-bg.jpg in Resources */ = {isa = PBXBuildFile; fileRef = 96E380521A148D8A00967BF4 /* samantha3-blur-bg.jpg */; };
		96E380C01A148D8A00967BF4 /* samantha3-blur-bg@2x.jpg in Resources */ = {isa = PBXBuildFile; fileRef = 96E380531A148D8A00967BF4 /* samantha3-blur-bg@2x.jpg */; };
		96E380C11A148D8A00967BF4 /* samantha4-bg.jpg in Resources */ = {isa = PBXBuildFile; fileRef = 96E380541A148D8A00967BF4 /* samantha4-bg.jpg */; };
		96E380C21A148D8A00967BF4 /* samantha4-bg@2x.jpg in Resources */ = {isa = PBXBuildFile; fileRef = 96E380551A148D8A00967BF4 /* samantha4-bg@2x.jpg */; };
		96E380C31A148D8A00967BF4 /* samantha4-blur-bg.jpg in Resources */ = {isa = PBXBuildFile; fileRef = 96E380561A148D8A00967BF4 /* samantha4-blur-bg.jpg */; };
		96E380C41A148D8A00967BF4 /* samantha4-blur-bg@2x.jpg in Resources */ = {isa = PBXBuildFile; fileRef = 96E380571A148D8A00967BF4 /* samantha4-blur-bg@2x.jpg */; };
		96E380C51A148D8A00967BF4 /* samantha4-speechbubble.png in Resources */ = {isa = PBXBuildFile; fileRef = 96E380581A148D8A00967BF4 /* samantha4-speechbubble.png */; };
		96E380C61A148D8A00967BF4 /* samantha4-speechbubble@2x.png in Resources */ = {isa = PBXBuildFile; fileRef = 96E380591A148D8A00967BF4 /* samantha4-speechbubble@2x.png */; };
		96E380C71A148D8A00967BF4 /* store-bg.jpg in Resources */ = {isa = PBXBuildFile; fileRef = 96E3805A1A148D8A00967BF4 /* store-bg.jpg */; };
		96E380C81A148D8A00967BF4 /* store-bg@2x.jpg in Resources */ = {isa = PBXBuildFile; fileRef = 96E3805B1A148D8A00967BF4 /* store-bg@2x.jpg */; };
		96E380C91A148D8A00967BF4 /* store-blur-bg.jpg in Resources */ = {isa = PBXBuildFile; fileRef = 96E3805C1A148D8A00967BF4 /* store-blur-bg.jpg */; };
		96E380CA1A148D8A00967BF4 /* store-blur-bg@2x.jpg in Resources */ = {isa = PBXBuildFile; fileRef = 96E3805D1A148D8A00967BF4 /* store-blur-bg@2x.jpg */; };
		96E380CB1A148D8A00967BF4 /* tvshow-bg.jpg in Resources */ = {isa = PBXBuildFile; fileRef = 96E3805E1A148D8A00967BF4 /* tvshow-bg.jpg */; };
		96E380CC1A148D8A00967BF4 /* tvshow-bg@2x.jpg in Resources */ = {isa = PBXBuildFile; fileRef = 96E3805F1A148D8A00967BF4 /* tvshow-bg@2x.jpg */; };
		96E380CD1A148D8A00967BF4 /* personalityparty_data.json in Resources */ = {isa = PBXBuildFile; fileRef = 96E380601A148D8A00967BF4 /* personalityparty_data.json */; };
		96E380CE1A148D8A00967BF4 /* TPPassthroughQuestionViewController.xib in Resources */ = {isa = PBXBuildFile; fileRef = 96E380611A148D8A00967BF4 /* TPPassthroughQuestionViewController.xib */; };
		96E380CF1A148D8A00967BF4 /* TPPrePartyQuestionViewController.xib in Resources */ = {isa = PBXBuildFile; fileRef = 96E380621A148D8A00967BF4 /* TPPrePartyQuestionViewController.xib */; };
		96E380D01A148D8A00967BF4 /* TPSideMultipleChoiceQuestionViewController.xib in Resources */ = {isa = PBXBuildFile; fileRef = 96E380631A148D8A00967BF4 /* TPSideMultipleChoiceQuestionViewController.xib */; };
		CF3DA9D8193ED8C000F100EC /* settings_local.plist in Resources */ = {isa = PBXBuildFile; fileRef = CF828C241919DCC6004F7C68 /* settings_local.plist */; };
		CF3DA9D9193ED8C000F100EC /* settings_production.plist in Resources */ = {isa = PBXBuildFile; fileRef = CF828C251919DCC6004F7C68 /* settings_production.plist */; };
		CF3DA9DA193ED8C000F100EC /* settings_test.plist in Resources */ = {isa = PBXBuildFile; fileRef = CF828C261919DCC6004F7C68 /* settings_test.plist */; };
		CF3DA9DB193ED8C000F100EC /* settings.plist in Resources */ = {isa = PBXBuildFile; fileRef = CF828C271919DCC6004F7C68 /* settings.plist */; };
		CF3DA9DC193ED8C000F100EC /* InfoPlist.strings in Resources */ = {isa = PBXBuildFile; fileRef = CF754495191612600093F3F2 /* InfoPlist.strings */; };
		CF75448B191612600093F3F2 /* Foundation.framework in Frameworks */ = {isa = PBXBuildFile; fileRef = CF75448A191612600093F3F2 /* Foundation.framework */; };
		CF75448D191612600093F3F2 /* CoreGraphics.framework in Frameworks */ = {isa = PBXBuildFile; fileRef = CF75448C191612600093F3F2 /* CoreGraphics.framework */; };
		CF75448F191612600093F3F2 /* UIKit.framework in Frameworks */ = {isa = PBXBuildFile; fileRef = CF75448E191612600093F3F2 /* UIKit.framework */; };
		CF754491191612600093F3F2 /* SpriteKit.framework in Frameworks */ = {isa = PBXBuildFile; fileRef = CF754490191612600093F3F2 /* SpriteKit.framework */; };
		CF754499191612600093F3F2 /* main.m in Sources */ = {isa = PBXBuildFile; fileRef = CF754498191612600093F3F2 /* main.m */; };
		CF75449D191612600093F3F2 /* TPAppDelegate.m in Sources */ = {isa = PBXBuildFile; fileRef = CF75449C191612600093F3F2 /* TPAppDelegate.m */; };
		CF7544B1191612600093F3F2 /* XCTest.framework in Frameworks */ = {isa = PBXBuildFile; fileRef = CF7544B0191612600093F3F2 /* XCTest.framework */; };
		CF7544B2191612600093F3F2 /* Foundation.framework in Frameworks */ = {isa = PBXBuildFile; fileRef = CF75448A191612600093F3F2 /* Foundation.framework */; };
		CF7544B3191612600093F3F2 /* UIKit.framework in Frameworks */ = {isa = PBXBuildFile; fileRef = CF75448E191612600093F3F2 /* UIKit.framework */; };
		CF7544BB191612600093F3F2 /* InfoPlist.strings in Resources */ = {isa = PBXBuildFile; fileRef = CF7544B9191612600093F3F2 /* InfoPlist.strings */; };
		CF7544BD191612600093F3F2 /* TPPersonalityPartyTests.m in Sources */ = {isa = PBXBuildFile; fileRef = CF7544BC191612600093F3F2 /* TPPersonalityPartyTests.m */; };
		CFBE3A17193E0D20005FA0B4 /* Images.xcassets in Resources */ = {isa = PBXBuildFile; fileRef = CFF383B919299E47000D1CAC /* Images.xcassets */; };
		E65E2E5F34F24D73A7ECCB19 /* libPods-TPPersonalityPartyTests.a in Frameworks */ = {isa = PBXBuildFile; fileRef = DECDD208CDF144BB88FD8755 /* libPods-TPPersonalityPartyTests.a */; };
/* End PBXBuildFile section */

/* Begin PBXContainerItemProxy section */
		CF7544B4191612600093F3F2 /* PBXContainerItemProxy */ = {
			isa = PBXContainerItemProxy;
			containerPortal = CF75447F1916125F0093F3F2 /* Project object */;
			proxyType = 1;
			remoteGlobalIDString = CF754486191612600093F3F2;
			remoteInfo = TPPersonalityParty;
		};
/* End PBXContainerItemProxy section */

/* Begin PBXFileReference section */
		00A61F6416492245F38ABF8D /* Pods.release.xcconfig */ = {isa = PBXFileReference; includeInIndex = 1; lastKnownFileType = text.xcconfig; name = Pods.release.xcconfig; path = "Pods/Target Support Files/Pods/Pods.release.xcconfig"; sourceTree = "<group>"; };
		085F0420AA1B27A9B8B51933 /* Pods-TPPersonalityPartyTests.release.xcconfig */ = {isa = PBXFileReference; includeInIndex = 1; lastKnownFileType = text.xcconfig; name = "Pods-TPPersonalityPartyTests.release.xcconfig"; path = "Pods/Target Support Files/Pods-TPPersonalityPartyTests/Pods-TPPersonalityPartyTests.release.xcconfig"; sourceTree = "<group>"; };
		60988438E718CA882EC5B4EE /* Pods-TPPersonalityPartyTests.debug.xcconfig */ = {isa = PBXFileReference; includeInIndex = 1; lastKnownFileType = text.xcconfig; name = "Pods-TPPersonalityPartyTests.debug.xcconfig"; path = "Pods/Target Support Files/Pods-TPPersonalityPartyTests/Pods-TPPersonalityPartyTests.debug.xcconfig"; sourceTree = "<group>"; };
		64CD2F3E6279510AF618C38F /* Pods.debug.xcconfig */ = {isa = PBXFileReference; includeInIndex = 1; lastKnownFileType = text.xcconfig; name = Pods.debug.xcconfig; path = "Pods/Target Support Files/Pods/Pods.debug.xcconfig"; sourceTree = "<group>"; };
		8A8A80763C1E460C8D382C49 /* libPods.a */ = {isa = PBXFileReference; explicitFileType = archive.ar; includeInIndex = 0; path = libPods.a; sourceTree = BUILT_PRODUCTS_DIR; };
		96E37FF61A148D8A00967BF4 /* .gitkeep */ = {isa = PBXFileReference; fileEncoding = 4; lastKnownFileType = text; path = .gitkeep; sourceTree = "<group>"; };
		96E37FF81A148D8A00967BF4 /* afterparty-bg.jpg */ = {isa = PBXFileReference; lastKnownFileType = image.jpeg; path = "afterparty-bg.jpg"; sourceTree = "<group>"; };
		96E37FF91A148D8A00967BF4 /* afterparty-bg@2x.jpg */ = {isa = PBXFileReference; lastKnownFileType = image.jpeg; path = "afterparty-bg@2x.jpg"; sourceTree = "<group>"; };
		96E37FFA1A148D8A00967BF4 /* afterparty-blur-bg.jpg */ = {isa = PBXFileReference; lastKnownFileType = image.jpeg; path = "afterparty-blur-bg.jpg"; sourceTree = "<group>"; };
		96E37FFB1A148D8A00967BF4 /* afterparty-blur-bg@2x.jpg */ = {isa = PBXFileReference; lastKnownFileType = image.jpeg; path = "afterparty-blur-bg@2x.jpg"; sourceTree = "<group>"; };
		96E37FFC1A148D8A00967BF4 /* arrived-aquantance.png */ = {isa = PBXFileReference; lastKnownFileType = image.png; path = "arrived-aquantance.png"; sourceTree = "<group>"; };
		96E37FFD1A148D8A00967BF4 /* arrived-aquantance@2x.png */ = {isa = PBXFileReference; lastKnownFileType = image.png; path = "arrived-aquantance@2x.png"; sourceTree = "<group>"; };
		96E37FFE1A148D8A00967BF4 /* arrived-bg.jpg */ = {isa = PBXFileReference; lastKnownFileType = image.jpeg; path = "arrived-bg.jpg"; sourceTree = "<group>"; };
		96E37FFF1A148D8A00967BF4 /* arrived-bg@2x.jpg */ = {isa = PBXFileReference; lastKnownFileType = image.jpeg; path = "arrived-bg@2x.jpg"; sourceTree = "<group>"; };
		96E380001A148D8A00967BF4 /* arrived-bubble-aquantance.png */ = {isa = PBXFileReference; lastKnownFileType = image.png; path = "arrived-bubble-aquantance.png"; sourceTree = "<group>"; };
		96E380011A148D8A00967BF4 /* arrived-bubble-aquantance@2x.png */ = {isa = PBXFileReference; lastKnownFileType = image.png; path = "arrived-bubble-aquantance@2x.png"; sourceTree = "<group>"; };
		96E380021A148D8A00967BF4 /* arrived-bubble-balcony.png */ = {isa = PBXFileReference; lastKnownFileType = image.png; path = "arrived-bubble-balcony.png"; sourceTree = "<group>"; };
		96E380031A148D8A00967BF4 /* arrived-bubble-balcony@2x.png */ = {isa = PBXFileReference; lastKnownFileType = image.png; path = "arrived-bubble-balcony@2x.png"; sourceTree = "<group>"; };
		96E380041A148D8A00967BF4 /* arrived-bubble-food.png */ = {isa = PBXFileReference; lastKnownFileType = image.png; path = "arrived-bubble-food.png"; sourceTree = "<group>"; };
		96E380051A148D8A00967BF4 /* arrived-bubble-food@2x.png */ = {isa = PBXFileReference; lastKnownFileType = image.png; path = "arrived-bubble-food@2x.png"; sourceTree = "<group>"; };
		96E380061A148D8A00967BF4 /* arrived-bubble-mysteriousstrangers.png */ = {isa = PBXFileReference; lastKnownFileType = image.png; path = "arrived-bubble-mysteriousstrangers.png"; sourceTree = "<group>"; };
		96E380071A148D8A00967BF4 /* arrived-bubble-mysteriousstrangers@2x.png */ = {isa = PBXFileReference; lastKnownFileType = image.png; path = "arrived-bubble-mysteriousstrangers@2x.png"; sourceTree = "<group>"; };
		96E380081A148D8A00967BF4 /* arrived-food.png */ = {isa = PBXFileReference; lastKnownFileType = image.png; path = "arrived-food.png"; sourceTree = "<group>"; };
		96E380091A148D8A00967BF4 /* arrived-food@2x.png */ = {isa = PBXFileReference; lastKnownFileType = image.png; path = "arrived-food@2x.png"; sourceTree = "<group>"; };
		96E3800A1A148D8A00967BF4 /* arrived-mysteriousstrangers.png */ = {isa = PBXFileReference; lastKnownFileType = image.png; path = "arrived-mysteriousstrangers.png"; sourceTree = "<group>"; };
		96E3800B1A148D8A00967BF4 /* arrived-mysteriousstrangers@2x.png */ = {isa = PBXFileReference; lastKnownFileType = image.png; path = "arrived-mysteriousstrangers@2x.png"; sourceTree = "<group>"; };
		96E3800C1A148D8A00967BF4 /* audience-bg.jpg */ = {isa = PBXFileReference; lastKnownFileType = image.jpeg; path = "audience-bg.jpg"; sourceTree = "<group>"; };
		96E3800D1A148D8A00967BF4 /* audience-bg@2x.jpg */ = {isa = PBXFileReference; lastKnownFileType = image.jpeg; path = "audience-bg@2x.jpg"; sourceTree = "<group>"; };
		96E3800E1A148D8A00967BF4 /* audience-blur-bg.jpg */ = {isa = PBXFileReference; lastKnownFileType = image.jpeg; path = "audience-blur-bg.jpg"; sourceTree = "<group>"; };
		96E3800F1A148D8A00967BF4 /* audience-blur-bg@2x.jpg */ = {isa = PBXFileReference; lastKnownFileType = image.jpeg; path = "audience-blur-bg@2x.jpg"; sourceTree = "<group>"; };
		96E380101A148D8A00967BF4 /* badnews-bg.jpg */ = {isa = PBXFileReference; lastKnownFileType = image.jpeg; path = "badnews-bg.jpg"; sourceTree = "<group>"; };
		96E380111A148D8A00967BF4 /* badnews-bg@2x.jpg */ = {isa = PBXFileReference; lastKnownFileType = image.jpeg; path = "badnews-bg@2x.jpg"; sourceTree = "<group>"; };
		96E380121A148D8A00967BF4 /* badnews-blur-bg.jpg */ = {isa = PBXFileReference; lastKnownFileType = image.jpeg; path = "badnews-blur-bg.jpg"; sourceTree = "<group>"; };
		96E380131A148D8A00967BF4 /* badnews-blur-bg@2x.jpg */ = {isa = PBXFileReference; lastKnownFileType = image.jpeg; path = "badnews-blur-bg@2x.jpg"; sourceTree = "<group>"; };
		96E380141A148D8A00967BF4 /* badnews-cellphone.png */ = {isa = PBXFileReference; lastKnownFileType = image.png; path = "badnews-cellphone.png"; sourceTree = "<group>"; };
		96E380151A148D8A00967BF4 /* badnews-cellphone@2x.png */ = {isa = PBXFileReference; lastKnownFileType = image.png; path = "badnews-cellphone@2x.png"; sourceTree = "<group>"; };
		96E380161A148D8A00967BF4 /* beliefs-bg.jpg */ = {isa = PBXFileReference; lastKnownFileType = image.jpeg; path = "beliefs-bg.jpg"; sourceTree = "<group>"; };
		96E380171A148D8A00967BF4 /* beliefs-bg@2x.jpg */ = {isa = PBXFileReference; lastKnownFileType = image.jpeg; path = "beliefs-bg@2x.jpg"; sourceTree = "<group>"; };
		96E380181A148D8A00967BF4 /* beliefs-blur-bg.jpg */ = {isa = PBXFileReference; lastKnownFileType = image.jpeg; path = "beliefs-blur-bg.jpg"; sourceTree = "<group>"; };
		96E380191A148D8A00967BF4 /* beliefs-blur-bg@2x.jpg */ = {isa = PBXFileReference; lastKnownFileType = image.jpeg; path = "beliefs-blur-bg@2x.jpg"; sourceTree = "<group>"; };
		96E3801A1A148D8A00967BF4 /* beliefs-speechbubble.png */ = {isa = PBXFileReference; lastKnownFileType = image.png; path = "beliefs-speechbubble.png"; sourceTree = "<group>"; };
		96E3801B1A148D8A00967BF4 /* beliefs-speechbubble@2x.png */ = {isa = PBXFileReference; lastKnownFileType = image.png; path = "beliefs-speechbubble@2x.png"; sourceTree = "<group>"; };
		96E3801C1A148D8A00967BF4 /* cleanupwine-bg.jpg */ = {isa = PBXFileReference; lastKnownFileType = image.jpeg; path = "cleanupwine-bg.jpg"; sourceTree = "<group>"; };
		96E3801D1A148D8A00967BF4 /* cleanupwine-bg@2x.jpg */ = {isa = PBXFileReference; lastKnownFileType = image.jpeg; path = "cleanupwine-bg@2x.jpg"; sourceTree = "<group>"; };
		96E3801E1A148D8A00967BF4 /* cleanupwine-blur-bg.jpg */ = {isa = PBXFileReference; lastKnownFileType = image.jpeg; path = "cleanupwine-blur-bg.jpg"; sourceTree = "<group>"; };
		96E3801F1A148D8A00967BF4 /* cleanupwine-blur-bg@2x.jpg */ = {isa = PBXFileReference; lastKnownFileType = image.jpeg; path = "cleanupwine-blur-bg@2x.jpg"; sourceTree = "<group>"; };
		96E380201A148D8A00967BF4 /* food-bg.jpg */ = {isa = PBXFileReference; lastKnownFileType = image.jpeg; path = "food-bg.jpg"; sourceTree = "<group>"; };
		96E380211A148D8A00967BF4 /* food-bg@2x.jpg */ = {isa = PBXFileReference; lastKnownFileType = image.jpeg; path = "food-bg@2x.jpg"; sourceTree = "<group>"; };
		96E380221A148D8A00967BF4 /* food-bubble-comfort.png */ = {isa = PBXFileReference; lastKnownFileType = image.png; path = "food-bubble-comfort.png"; sourceTree = "<group>"; };
		96E380231A148D8A00967BF4 /* food-bubble-comfort@2x.png */ = {isa = PBXFileReference; lastKnownFileType = image.png; path = "food-bubble-comfort@2x.png"; sourceTree = "<group>"; };
		96E380241A148D8A00967BF4 /* food-bubble-foreign.png */ = {isa = PBXFileReference; lastKnownFileType = image.png; path = "food-bubble-foreign.png"; sourceTree = "<group>"; };
		96E380251A148D8A00967BF4 /* food-bubble-foreign@2x.png */ = {isa = PBXFileReference; lastKnownFileType = image.png; path = "food-bubble-foreign@2x.png"; sourceTree = "<group>"; };
		96E380261A148D8A00967BF4 /* food-bubble-host.png */ = {isa = PBXFileReference; lastKnownFileType = image.png; path = "food-bubble-host.png"; sourceTree = "<group>"; };
		96E380271A148D8A00967BF4 /* food-bubble-host@2x.png */ = {isa = PBXFileReference; lastKnownFileType = image.png; path = "food-bubble-host@2x.png"; sourceTree = "<group>"; };
		96E380281A148D8A00967BF4 /* food-bubble-spicy.png */ = {isa = PBXFileReference; lastKnownFileType = image.png; path = "food-bubble-spicy.png"; sourceTree = "<group>"; };
		96E380291A148D8A00967BF4 /* food-bubble-spicy@2x.png */ = {isa = PBXFileReference; lastKnownFileType = image.png; path = "food-bubble-spicy@2x.png"; sourceTree = "<group>"; };
		96E3802A1A148D8A00967BF4 /* food-comfort.png */ = {isa = PBXFileReference; lastKnownFileType = image.png; path = "food-comfort.png"; sourceTree = "<group>"; };
		96E3802B1A148D8A00967BF4 /* food-comfort@2x.png */ = {isa = PBXFileReference; lastKnownFileType = image.png; path = "food-comfort@2x.png"; sourceTree = "<group>"; };
		96E3802C1A148D8A00967BF4 /* food-foreign.png */ = {isa = PBXFileReference; lastKnownFileType = image.png; path = "food-foreign.png"; sourceTree = "<group>"; };
		96E3802D1A148D8A00967BF4 /* food-foreign@2x.png */ = {isa = PBXFileReference; lastKnownFileType = image.png; path = "food-foreign@2x.png"; sourceTree = "<group>"; };
		96E3802E1A148D8A00967BF4 /* food-host.png */ = {isa = PBXFileReference; lastKnownFileType = image.png; path = "food-host.png"; sourceTree = "<group>"; };
		96E3802F1A148D8A00967BF4 /* food-host@2x.png */ = {isa = PBXFileReference; lastKnownFileType = image.png; path = "food-host@2x.png"; sourceTree = "<group>"; };
		96E380301A148D8A00967BF4 /* food-spicy.png */ = {isa = PBXFileReference; lastKnownFileType = image.png; path = "food-spicy.png"; sourceTree = "<group>"; };
		96E380311A148D8A00967BF4 /* food-spicy@2x.png */ = {isa = PBXFileReference; lastKnownFileType = image.png; path = "food-spicy@2x.png"; sourceTree = "<group>"; };
		96E380321A148D8A00967BF4 /* goodbye-arm.png */ = {isa = PBXFileReference; lastKnownFileType = image.png; path = "goodbye-arm.png"; sourceTree = "<group>"; };
		96E380331A148D8A00967BF4 /* goodbye-arm@2x.png */ = {isa = PBXFileReference; lastKnownFileType = image.png; path = "goodbye-arm@2x.png"; sourceTree = "<group>"; };
		96E380341A148D8A00967BF4 /* goodbye-bg.jpg */ = {isa = PBXFileReference; lastKnownFileType = image.jpeg; path = "goodbye-bg.jpg"; sourceTree = "<group>"; };
		96E380351A148D8A00967BF4 /* goodbye-bg@2x.jpg */ = {isa = PBXFileReference; lastKnownFileType = image.jpeg; path = "goodbye-bg@2x.jpg"; sourceTree = "<group>"; };
		96E380361A148D8A00967BF4 /* goodbye-blur-bg.jpg */ = {isa = PBXFileReference; lastKnownFileType = image.jpeg; path = "goodbye-blur-bg.jpg"; sourceTree = "<group>"; };
		96E380371A148D8A00967BF4 /* goodbye-blur-bg@2x.jpg */ = {isa = PBXFileReference; lastKnownFileType = image.jpeg; path = "goodbye-blur-bg@2x.jpg"; sourceTree = "<group>"; };
		96E380381A148D8A00967BF4 /* knockoverwine-bg.jpg */ = {isa = PBXFileReference; lastKnownFileType = image.jpeg; path = "knockoverwine-bg.jpg"; sourceTree = "<group>"; };
		96E380391A148D8A00967BF4 /* knockoverwine-bg@2x.jpg */ = {isa = PBXFileReference; lastKnownFileType = image.jpeg; path = "knockoverwine-bg@2x.jpg"; sourceTree = "<group>"; };
		96E3803A1A148D8A00967BF4 /* knockoverwine-blur-bg.jpg */ = {isa = PBXFileReference; lastKnownFileType = image.jpeg; path = "knockoverwine-blur-bg.jpg"; sourceTree = "<group>"; };
		96E3803B1A148D8A00967BF4 /* knockoverwine-blur-bg@2x.jpg */ = {isa = PBXFileReference; lastKnownFileType = image.jpeg; path = "knockoverwine-blur-bg@2x.jpg"; sourceTree = "<group>"; };
		96E3803C1A148D8A00967BF4 /* messyroom-bg.jpg */ = {isa = PBXFileReference; lastKnownFileType = image.jpeg; path = "messyroom-bg.jpg"; sourceTree = "<group>"; };
		96E3803D1A148D8A00967BF4 /* messyroom-bg@2x.jpg */ = {isa = PBXFileReference; lastKnownFileType = image.jpeg; path = "messyroom-bg@2x.jpg"; sourceTree = "<group>"; };
		96E3803E1A148D8A00967BF4 /* messyroom-blur-bg.jpg */ = {isa = PBXFileReference; lastKnownFileType = image.jpeg; path = "messyroom-blur-bg.jpg"; sourceTree = "<group>"; };
		96E3803F1A148D8A00967BF4 /* messyroom-blur-bg@2x.jpg */ = {isa = PBXFileReference; lastKnownFileType = image.jpeg; path = "messyroom-blur-bg@2x.jpg"; sourceTree = "<group>"; };
		96E380401A148D8A00967BF4 /* messyroom-cellphone.png */ = {isa = PBXFileReference; lastKnownFileType = image.png; path = "messyroom-cellphone.png"; sourceTree = "<group>"; };
		96E380411A148D8A00967BF4 /* messyroom-cellphone@2x.png */ = {isa = PBXFileReference; lastKnownFileType = image.png; path = "messyroom-cellphone@2x.png"; sourceTree = "<group>"; };
		96E380421A148D8A00967BF4 /* religioustalk-bg.jpg */ = {isa = PBXFileReference; lastKnownFileType = image.jpeg; path = "religioustalk-bg.jpg"; sourceTree = "<group>"; };
		96E380431A148D8A00967BF4 /* religioustalk-bg@2x.jpg */ = {isa = PBXFileReference; lastKnownFileType = image.jpeg; path = "religioustalk-bg@2x.jpg"; sourceTree = "<group>"; };
		96E380441A148D8A00967BF4 /* religioustalk-blur-bg.jpg */ = {isa = PBXFileReference; lastKnownFileType = image.jpeg; path = "religioustalk-blur-bg.jpg"; sourceTree = "<group>"; };
		96E380451A148D8A00967BF4 /* religioustalk-blur-bg@2x.jpg */ = {isa = PBXFileReference; lastKnownFileType = image.jpeg; path = "religioustalk-blur-bg@2x.jpg"; sourceTree = "<group>"; };
		96E380461A148D8A00967BF4 /* samantha1-bg.jpg */ = {isa = PBXFileReference; lastKnownFileType = image.jpeg; path = "samantha1-bg.jpg"; sourceTree = "<group>"; };
		96E380471A148D8A00967BF4 /* samantha1-bg@2x.jpg */ = {isa = PBXFileReference; lastKnownFileType = image.jpeg; path = "samantha1-bg@2x.jpg"; sourceTree = "<group>"; };
		96E380481A148D8A00967BF4 /* samantha1-blur-bg.jpg */ = {isa = PBXFileReference; lastKnownFileType = image.jpeg; path = "samantha1-blur-bg.jpg"; sourceTree = "<group>"; };
		96E380491A148D8A00967BF4 /* samantha1-blur-bg@2x.jpg */ = {isa = PBXFileReference; lastKnownFileType = image.jpeg; path = "samantha1-blur-bg@2x.jpg"; sourceTree = "<group>"; };
		96E3804A1A148D8A00967BF4 /* samantha2-3-speechbubble.png */ = {isa = PBXFileReference; lastKnownFileType = image.png; path = "samantha2-3-speechbubble.png"; sourceTree = "<group>"; };
		96E3804B1A148D8A00967BF4 /* samantha2-3-speechbubble@2x.png */ = {isa = PBXFileReference; lastKnownFileType = image.png; path = "samantha2-3-speechbubble@2x.png"; sourceTree = "<group>"; };
		96E3804C1A148D8A00967BF4 /* samantha2-bg.jpg */ = {isa = PBXFileReference; lastKnownFileType = image.jpeg; path = "samantha2-bg.jpg"; sourceTree = "<group>"; };
		96E3804D1A148D8A00967BF4 /* samantha2-bg@2x.jpg */ = {isa = PBXFileReference; lastKnownFileType = image.jpeg; path = "samantha2-bg@2x.jpg"; sourceTree = "<group>"; };
		96E3804E1A148D8A00967BF4 /* samantha2-blur-bg.jpg */ = {isa = PBXFileReference; lastKnownFileType = image.jpeg; path = "samantha2-blur-bg.jpg"; sourceTree = "<group>"; };
		96E3804F1A148D8A00967BF4 /* samantha2-blur-bg@2x.jpg */ = {isa = PBXFileReference; lastKnownFileType = image.jpeg; path = "samantha2-blur-bg@2x.jpg"; sourceTree = "<group>"; };
		96E380501A148D8A00967BF4 /* samantha3-bg.jpg */ = {isa = PBXFileReference; lastKnownFileType = image.jpeg; path = "samantha3-bg.jpg"; sourceTree = "<group>"; };
		96E380511A148D8A00967BF4 /* samantha3-bg@2x.jpg */ = {isa = PBXFileReference; lastKnownFileType = image.jpeg; path = "samantha3-bg@2x.jpg"; sourceTree = "<group>"; };
		96E380521A148D8A00967BF4 /* samantha3-blur-bg.jpg */ = {isa = PBXFileReference; lastKnownFileType = image.jpeg; path = "samantha3-blur-bg.jpg"; sourceTree = "<group>"; };
		96E380531A148D8A00967BF4 /* samantha3-blur-bg@2x.jpg */ = {isa = PBXFileReference; lastKnownFileType = image.jpeg; path = "samantha3-blur-bg@2x.jpg"; sourceTree = "<group>"; };
		96E380541A148D8A00967BF4 /* samantha4-bg.jpg */ = {isa = PBXFileReference; lastKnownFileType = image.jpeg; path = "samantha4-bg.jpg"; sourceTree = "<group>"; };
		96E380551A148D8A00967BF4 /* samantha4-bg@2x.jpg */ = {isa = PBXFileReference; lastKnownFileType = image.jpeg; path = "samantha4-bg@2x.jpg"; sourceTree = "<group>"; };
		96E380561A148D8A00967BF4 /* samantha4-blur-bg.jpg */ = {isa = PBXFileReference; lastKnownFileType = image.jpeg; path = "samantha4-blur-bg.jpg"; sourceTree = "<group>"; };
		96E380571A148D8A00967BF4 /* samantha4-blur-bg@2x.jpg */ = {isa = PBXFileReference; lastKnownFileType = image.jpeg; path = "samantha4-blur-bg@2x.jpg"; sourceTree = "<group>"; };
		96E380581A148D8A00967BF4 /* samantha4-speechbubble.png */ = {isa = PBXFileReference; lastKnownFileType = image.png; path = "samantha4-speechbubble.png"; sourceTree = "<group>"; };
		96E380591A148D8A00967BF4 /* samantha4-speechbubble@2x.png */ = {isa = PBXFileReference; lastKnownFileType = image.png; path = "samantha4-speechbubble@2x.png"; sourceTree = "<group>"; };
		96E3805A1A148D8A00967BF4 /* store-bg.jpg */ = {isa = PBXFileReference; lastKnownFileType = image.jpeg; path = "store-bg.jpg"; sourceTree = "<group>"; };
		96E3805B1A148D8A00967BF4 /* store-bg@2x.jpg */ = {isa = PBXFileReference; lastKnownFileType = image.jpeg; path = "store-bg@2x.jpg"; sourceTree = "<group>"; };
		96E3805C1A148D8A00967BF4 /* store-blur-bg.jpg */ = {isa = PBXFileReference; lastKnownFileType = image.jpeg; path = "store-blur-bg.jpg"; sourceTree = "<group>"; };
		96E3805D1A148D8A00967BF4 /* store-blur-bg@2x.jpg */ = {isa = PBXFileReference; lastKnownFileType = image.jpeg; path = "store-blur-bg@2x.jpg"; sourceTree = "<group>"; };
		96E3805E1A148D8A00967BF4 /* tvshow-bg.jpg */ = {isa = PBXFileReference; lastKnownFileType = image.jpeg; path = "tvshow-bg.jpg"; sourceTree = "<group>"; };
		96E3805F1A148D8A00967BF4 /* tvshow-bg@2x.jpg */ = {isa = PBXFileReference; lastKnownFileType = image.jpeg; path = "tvshow-bg@2x.jpg"; sourceTree = "<group>"; };
		96E380601A148D8A00967BF4 /* personalityparty_data.json */ = {isa = PBXFileReference; fileEncoding = 4; lastKnownFileType = text.json; path = personalityparty_data.json; sourceTree = "<group>"; };
		96E380611A148D8A00967BF4 /* TPPassthroughQuestionViewController.xib */ = {isa = PBXFileReference; fileEncoding = 4; lastKnownFileType = file.xib; path = TPPassthroughQuestionViewController.xib; sourceTree = "<group>"; };
		96E380621A148D8A00967BF4 /* TPPrePartyQuestionViewController.xib */ = {isa = PBXFileReference; fileEncoding = 4; lastKnownFileType = file.xib; path = TPPrePartyQuestionViewController.xib; sourceTree = "<group>"; };
		96E380631A148D8A00967BF4 /* TPSideMultipleChoiceQuestionViewController.xib */ = {isa = PBXFileReference; fileEncoding = 4; lastKnownFileType = file.xib; path = TPSideMultipleChoiceQuestionViewController.xib; sourceTree = "<group>"; };
		CF754487191612600093F3F2 /* TPPersonalityParty.app */ = {isa = PBXFileReference; explicitFileType = wrapper.application; includeInIndex = 0; path = TPPersonalityParty.app; sourceTree = BUILT_PRODUCTS_DIR; };
		CF75448A191612600093F3F2 /* Foundation.framework */ = {isa = PBXFileReference; lastKnownFileType = wrapper.framework; name = Foundation.framework; path = System/Library/Frameworks/Foundation.framework; sourceTree = SDKROOT; };
		CF75448C191612600093F3F2 /* CoreGraphics.framework */ = {isa = PBXFileReference; lastKnownFileType = wrapper.framework; name = CoreGraphics.framework; path = System/Library/Frameworks/CoreGraphics.framework; sourceTree = SDKROOT; };
		CF75448E191612600093F3F2 /* UIKit.framework */ = {isa = PBXFileReference; lastKnownFileType = wrapper.framework; name = UIKit.framework; path = System/Library/Frameworks/UIKit.framework; sourceTree = SDKROOT; };
		CF754490191612600093F3F2 /* SpriteKit.framework */ = {isa = PBXFileReference; lastKnownFileType = wrapper.framework; name = SpriteKit.framework; path = System/Library/Frameworks/SpriteKit.framework; sourceTree = SDKROOT; };
		CF754494191612600093F3F2 /* TPPersonalityParty-Info.plist */ = {isa = PBXFileReference; lastKnownFileType = text.plist.xml; path = "TPPersonalityParty-Info.plist"; sourceTree = "<group>"; };
		CF754496191612600093F3F2 /* en */ = {isa = PBXFileReference; lastKnownFileType = text.plist.strings; name = en; path = en.lproj/InfoPlist.strings; sourceTree = "<group>"; };
		CF754498191612600093F3F2 /* main.m */ = {isa = PBXFileReference; lastKnownFileType = sourcecode.c.objc; path = main.m; sourceTree = "<group>"; };
		CF75449A191612600093F3F2 /* TPPersonalityParty-Prefix.pch */ = {isa = PBXFileReference; lastKnownFileType = sourcecode.c.h; path = "TPPersonalityParty-Prefix.pch"; sourceTree = "<group>"; };
		CF75449B191612600093F3F2 /* TPAppDelegate.h */ = {isa = PBXFileReference; lastKnownFileType = sourcecode.c.h; path = TPAppDelegate.h; sourceTree = "<group>"; };
		CF75449C191612600093F3F2 /* TPAppDelegate.m */ = {isa = PBXFileReference; indentWidth = 2; lastKnownFileType = sourcecode.c.objc; path = TPAppDelegate.m; sourceTree = "<group>"; tabWidth = 2; usesTabs = 0; };
		CF7544AF191612600093F3F2 /* TPPersonalityPartyTests.xctest */ = {isa = PBXFileReference; explicitFileType = wrapper.cfbundle; includeInIndex = 0; path = TPPersonalityPartyTests.xctest; sourceTree = BUILT_PRODUCTS_DIR; };
		CF7544B0191612600093F3F2 /* XCTest.framework */ = {isa = PBXFileReference; lastKnownFileType = wrapper.framework; name = XCTest.framework; path = Library/Frameworks/XCTest.framework; sourceTree = DEVELOPER_DIR; };
		CF7544B8191612600093F3F2 /* TPPersonalityPartyTests-Info.plist */ = {isa = PBXFileReference; lastKnownFileType = text.plist.xml; path = "TPPersonalityPartyTests-Info.plist"; sourceTree = "<group>"; };
		CF7544BA191612600093F3F2 /* en */ = {isa = PBXFileReference; lastKnownFileType = text.plist.strings; name = en; path = en.lproj/InfoPlist.strings; sourceTree = "<group>"; };
		CF7544BC191612600093F3F2 /* TPPersonalityPartyTests.m */ = {isa = PBXFileReference; lastKnownFileType = sourcecode.c.objc; path = TPPersonalityPartyTests.m; sourceTree = "<group>"; };
		CF828C241919DCC6004F7C68 /* settings_local.plist */ = {isa = PBXFileReference; fileEncoding = 4; lastKnownFileType = text.plist.xml; path = settings_local.plist; sourceTree = "<group>"; };
		CF828C251919DCC6004F7C68 /* settings_production.plist */ = {isa = PBXFileReference; fileEncoding = 4; lastKnownFileType = text.plist.xml; path = settings_production.plist; sourceTree = "<group>"; };
		CF828C261919DCC6004F7C68 /* settings_test.plist */ = {isa = PBXFileReference; fileEncoding = 4; lastKnownFileType = text.plist.xml; path = settings_test.plist; sourceTree = "<group>"; };
		CF828C271919DCC6004F7C68 /* settings.plist */ = {isa = PBXFileReference; fileEncoding = 4; lastKnownFileType = text.plist.xml; path = settings.plist; sourceTree = "<group>"; };
		CFF383B919299E47000D1CAC /* Images.xcassets */ = {isa = PBXFileReference; lastKnownFileType = folder.assetcatalog; path = Images.xcassets; sourceTree = "<group>"; };
		DECDD208CDF144BB88FD8755 /* libPods-TPPersonalityPartyTests.a */ = {isa = PBXFileReference; explicitFileType = archive.ar; includeInIndex = 0; path = "libPods-TPPersonalityPartyTests.a"; sourceTree = BUILT_PRODUCTS_DIR; };
/* End PBXFileReference section */

/* Begin PBXFrameworksBuildPhase section */
		CF754484191612600093F3F2 /* Frameworks */ = {
			isa = PBXFrameworksBuildPhase;
			buildActionMask = 2147483647;
			files = (
				CF75448D191612600093F3F2 /* CoreGraphics.framework in Frameworks */,
				CF75448F191612600093F3F2 /* UIKit.framework in Frameworks */,
				CF754491191612600093F3F2 /* SpriteKit.framework in Frameworks */,
				CF75448B191612600093F3F2 /* Foundation.framework in Frameworks */,
				0FE7E096F98D48F1B855B3AA /* libPods.a in Frameworks */,
			);
			runOnlyForDeploymentPostprocessing = 0;
		};
		CF7544AC191612600093F3F2 /* Frameworks */ = {
			isa = PBXFrameworksBuildPhase;
			buildActionMask = 2147483647;
			files = (
				CF7544B1191612600093F3F2 /* XCTest.framework in Frameworks */,
				CF7544B3191612600093F3F2 /* UIKit.framework in Frameworks */,
				CF7544B2191612600093F3F2 /* Foundation.framework in Frameworks */,
				E65E2E5F34F24D73A7ECCB19 /* libPods-TPPersonalityPartyTests.a in Frameworks */,
			);
			runOnlyForDeploymentPostprocessing = 0;
		};
/* End PBXFrameworksBuildPhase section */

/* Begin PBXGroup section */
		5F6E54185EFF859B2A381FBC /* Pods */ = {
			isa = PBXGroup;
			children = (
				64CD2F3E6279510AF618C38F /* Pods.debug.xcconfig */,
				00A61F6416492245F38ABF8D /* Pods.release.xcconfig */,
				60988438E718CA882EC5B4EE /* Pods-TPPersonalityPartyTests.debug.xcconfig */,
				085F0420AA1B27A9B8B51933 /* Pods-TPPersonalityPartyTests.release.xcconfig */,
			);
			name = Pods;
			sourceTree = "<group>";
		};
		96E37FF51A148D8A00967BF4 /* Assets */ = {
			isa = PBXGroup;
			children = (
				96E37FF61A148D8A00967BF4 /* .gitkeep */,
				96E37FF71A148D8A00967BF4 /* personalityparty */,
				96E380601A148D8A00967BF4 /* personalityparty_data.json */,
				96E380611A148D8A00967BF4 /* TPPassthroughQuestionViewController.xib */,
				96E380621A148D8A00967BF4 /* TPPrePartyQuestionViewController.xib */,
				96E380631A148D8A00967BF4 /* TPSideMultipleChoiceQuestionViewController.xib */,
			);
			name = Assets;
			path = ../../Assets;
			sourceTree = "<group>";
		};
		96E37FF71A148D8A00967BF4 /* personalityparty */ = {
			isa = PBXGroup;
			children = (
				96E37FF81A148D8A00967BF4 /* afterparty-bg.jpg */,
				96E37FF91A148D8A00967BF4 /* afterparty-bg@2x.jpg */,
				96E37FFA1A148D8A00967BF4 /* afterparty-blur-bg.jpg */,
				96E37FFB1A148D8A00967BF4 /* afterparty-blur-bg@2x.jpg */,
				96E37FFC1A148D8A00967BF4 /* arrived-aquantance.png */,
				96E37FFD1A148D8A00967BF4 /* arrived-aquantance@2x.png */,
				96E37FFE1A148D8A00967BF4 /* arrived-bg.jpg */,
				96E37FFF1A148D8A00967BF4 /* arrived-bg@2x.jpg */,
				96E380001A148D8A00967BF4 /* arrived-bubble-aquantance.png */,
				96E380011A148D8A00967BF4 /* arrived-bubble-aquantance@2x.png */,
				96E380021A148D8A00967BF4 /* arrived-bubble-balcony.png */,
				96E380031A148D8A00967BF4 /* arrived-bubble-balcony@2x.png */,
				96E380041A148D8A00967BF4 /* arrived-bubble-food.png */,
				96E380051A148D8A00967BF4 /* arrived-bubble-food@2x.png */,
				96E380061A148D8A00967BF4 /* arrived-bubble-mysteriousstrangers.png */,
				96E380071A148D8A00967BF4 /* arrived-bubble-mysteriousstrangers@2x.png */,
				96E380081A148D8A00967BF4 /* arrived-food.png */,
				96E380091A148D8A00967BF4 /* arrived-food@2x.png */,
				96E3800A1A148D8A00967BF4 /* arrived-mysteriousstrangers.png */,
				96E3800B1A148D8A00967BF4 /* arrived-mysteriousstrangers@2x.png */,
				96E3800C1A148D8A00967BF4 /* audience-bg.jpg */,
				96E3800D1A148D8A00967BF4 /* audience-bg@2x.jpg */,
				96E3800E1A148D8A00967BF4 /* audience-blur-bg.jpg */,
				96E3800F1A148D8A00967BF4 /* audience-blur-bg@2x.jpg */,
				96E380101A148D8A00967BF4 /* badnews-bg.jpg */,
				96E380111A148D8A00967BF4 /* badnews-bg@2x.jpg */,
				96E380121A148D8A00967BF4 /* badnews-blur-bg.jpg */,
				96E380131A148D8A00967BF4 /* badnews-blur-bg@2x.jpg */,
				96E380141A148D8A00967BF4 /* badnews-cellphone.png */,
				96E380151A148D8A00967BF4 /* badnews-cellphone@2x.png */,
				96E380161A148D8A00967BF4 /* beliefs-bg.jpg */,
				96E380171A148D8A00967BF4 /* beliefs-bg@2x.jpg */,
				96E380181A148D8A00967BF4 /* beliefs-blur-bg.jpg */,
				96E380191A148D8A00967BF4 /* beliefs-blur-bg@2x.jpg */,
				96E3801A1A148D8A00967BF4 /* beliefs-speechbubble.png */,
				96E3801B1A148D8A00967BF4 /* beliefs-speechbubble@2x.png */,
				96E3801C1A148D8A00967BF4 /* cleanupwine-bg.jpg */,
				96E3801D1A148D8A00967BF4 /* cleanupwine-bg@2x.jpg */,
				96E3801E1A148D8A00967BF4 /* cleanupwine-blur-bg.jpg */,
				96E3801F1A148D8A00967BF4 /* cleanupwine-blur-bg@2x.jpg */,
				96E380201A148D8A00967BF4 /* food-bg.jpg */,
				96E380211A148D8A00967BF4 /* food-bg@2x.jpg */,
				96E380221A148D8A00967BF4 /* food-bubble-comfort.png */,
				96E380231A148D8A00967BF4 /* food-bubble-comfort@2x.png */,
				96E380241A148D8A00967BF4 /* food-bubble-foreign.png */,
				96E380251A148D8A00967BF4 /* food-bubble-foreign@2x.png */,
				96E380261A148D8A00967BF4 /* food-bubble-host.png */,
				96E380271A148D8A00967BF4 /* food-bubble-host@2x.png */,
				96E380281A148D8A00967BF4 /* food-bubble-spicy.png */,
				96E380291A148D8A00967BF4 /* food-bubble-spicy@2x.png */,
				96E3802A1A148D8A00967BF4 /* food-comfort.png */,
				96E3802B1A148D8A00967BF4 /* food-comfort@2x.png */,
				96E3802C1A148D8A00967BF4 /* food-foreign.png */,
				96E3802D1A148D8A00967BF4 /* food-foreign@2x.png */,
				96E3802E1A148D8A00967BF4 /* food-host.png */,
				96E3802F1A148D8A00967BF4 /* food-host@2x.png */,
				96E380301A148D8A00967BF4 /* food-spicy.png */,
				96E380311A148D8A00967BF4 /* food-spicy@2x.png */,
				96E380321A148D8A00967BF4 /* goodbye-arm.png */,
				96E380331A148D8A00967BF4 /* goodbye-arm@2x.png */,
				96E380341A148D8A00967BF4 /* goodbye-bg.jpg */,
				96E380351A148D8A00967BF4 /* goodbye-bg@2x.jpg */,
				96E380361A148D8A00967BF4 /* goodbye-blur-bg.jpg */,
				96E380371A148D8A00967BF4 /* goodbye-blur-bg@2x.jpg */,
				96E380381A148D8A00967BF4 /* knockoverwine-bg.jpg */,
				96E380391A148D8A00967BF4 /* knockoverwine-bg@2x.jpg */,
				96E3803A1A148D8A00967BF4 /* knockoverwine-blur-bg.jpg */,
				96E3803B1A148D8A00967BF4 /* knockoverwine-blur-bg@2x.jpg */,
				96E3803C1A148D8A00967BF4 /* messyroom-bg.jpg */,
				96E3803D1A148D8A00967BF4 /* messyroom-bg@2x.jpg */,
				96E3803E1A148D8A00967BF4 /* messyroom-blur-bg.jpg */,
				96E3803F1A148D8A00967BF4 /* messyroom-blur-bg@2x.jpg */,
				96E380401A148D8A00967BF4 /* messyroom-cellphone.png */,
				96E380411A148D8A00967BF4 /* messyroom-cellphone@2x.png */,
				96E380421A148D8A00967BF4 /* religioustalk-bg.jpg */,
				96E380431A148D8A00967BF4 /* religioustalk-bg@2x.jpg */,
				96E380441A148D8A00967BF4 /* religioustalk-blur-bg.jpg */,
				96E380451A148D8A00967BF4 /* religioustalk-blur-bg@2x.jpg */,
				96E380461A148D8A00967BF4 /* samantha1-bg.jpg */,
				96E380471A148D8A00967BF4 /* samantha1-bg@2x.jpg */,
				96E380481A148D8A00967BF4 /* samantha1-blur-bg.jpg */,
				96E380491A148D8A00967BF4 /* samantha1-blur-bg@2x.jpg */,
				96E3804A1A148D8A00967BF4 /* samantha2-3-speechbubble.png */,
				96E3804B1A148D8A00967BF4 /* samantha2-3-speechbubble@2x.png */,
				96E3804C1A148D8A00967BF4 /* samantha2-bg.jpg */,
				96E3804D1A148D8A00967BF4 /* samantha2-bg@2x.jpg */,
				96E3804E1A148D8A00967BF4 /* samantha2-blur-bg.jpg */,
				96E3804F1A148D8A00967BF4 /* samantha2-blur-bg@2x.jpg */,
				96E380501A148D8A00967BF4 /* samantha3-bg.jpg */,
				96E380511A148D8A00967BF4 /* samantha3-bg@2x.jpg */,
				96E380521A148D8A00967BF4 /* samantha3-blur-bg.jpg */,
				96E380531A148D8A00967BF4 /* samantha3-blur-bg@2x.jpg */,
				96E380541A148D8A00967BF4 /* samantha4-bg.jpg */,
				96E380551A148D8A00967BF4 /* samantha4-bg@2x.jpg */,
				96E380561A148D8A00967BF4 /* samantha4-blur-bg.jpg */,
				96E380571A148D8A00967BF4 /* samantha4-blur-bg@2x.jpg */,
				96E380581A148D8A00967BF4 /* samantha4-speechbubble.png */,
				96E380591A148D8A00967BF4 /* samantha4-speechbubble@2x.png */,
				96E3805A1A148D8A00967BF4 /* store-bg.jpg */,
				96E3805B1A148D8A00967BF4 /* store-bg@2x.jpg */,
				96E3805C1A148D8A00967BF4 /* store-blur-bg.jpg */,
				96E3805D1A148D8A00967BF4 /* store-blur-bg@2x.jpg */,
				96E3805E1A148D8A00967BF4 /* tvshow-bg.jpg */,
				96E3805F1A148D8A00967BF4 /* tvshow-bg@2x.jpg */,
			);
			path = personalityparty;
			sourceTree = "<group>";
		};
		CF16B494192DBF3F00B7AAB0 /* ios */ = {
			isa = PBXGroup;
			children = (
				96E37FF51A148D8A00967BF4 /* Assets */,
			);
			name = ios;
			path = ../../Classes/ios;
			sourceTree = "<group>";
		};
		CF75447E1916125F0093F3F2 = {
			isa = PBXGroup;
			children = (
				CF754492191612600093F3F2 /* TPPersonalityParty */,
				CF7544B6191612600093F3F2 /* TPPersonalityPartyTests */,
				CF754489191612600093F3F2 /* Frameworks */,
				CF754488191612600093F3F2 /* Products */,
				5F6E54185EFF859B2A381FBC /* Pods */,
			);
			indentWidth = 2;
			sourceTree = "<group>";
			tabWidth = 2;
			usesTabs = 0;
		};
		CF754488191612600093F3F2 /* Products */ = {
			isa = PBXGroup;
			children = (
				CF754487191612600093F3F2 /* TPPersonalityParty.app */,
				CF7544AF191612600093F3F2 /* TPPersonalityPartyTests.xctest */,
			);
			name = Products;
			sourceTree = "<group>";
		};
		CF754489191612600093F3F2 /* Frameworks */ = {
			isa = PBXGroup;
			children = (
				CF75448A191612600093F3F2 /* Foundation.framework */,
				CF75448C191612600093F3F2 /* CoreGraphics.framework */,
				CF75448E191612600093F3F2 /* UIKit.framework */,
				CF754490191612600093F3F2 /* SpriteKit.framework */,
				CF7544B0191612600093F3F2 /* XCTest.framework */,
				DECDD208CDF144BB88FD8755 /* libPods-TPPersonalityPartyTests.a */,
				8A8A80763C1E460C8D382C49 /* libPods.a */,
			);
			name = Frameworks;
			sourceTree = "<group>";
		};
		CF754492191612600093F3F2 /* TPPersonalityParty */ = {
			isa = PBXGroup;
			children = (
				CF16B494192DBF3F00B7AAB0 /* ios */,
				CF754493191612600093F3F2 /* Supporting Files */,
				CF75449B191612600093F3F2 /* TPAppDelegate.h */,
				CF75449C191612600093F3F2 /* TPAppDelegate.m */,
				CFF383B919299E47000D1CAC /* Images.xcassets */,
			);
			path = TPPersonalityParty;
			sourceTree = "<group>";
		};
		CF754493191612600093F3F2 /* Supporting Files */ = {
			isa = PBXGroup;
			children = (
				CF828C241919DCC6004F7C68 /* settings_local.plist */,
				CF828C251919DCC6004F7C68 /* settings_production.plist */,
				CF828C261919DCC6004F7C68 /* settings_test.plist */,
				CF828C271919DCC6004F7C68 /* settings.plist */,
				CF754494191612600093F3F2 /* TPPersonalityParty-Info.plist */,
				CF754495191612600093F3F2 /* InfoPlist.strings */,
				CF754498191612600093F3F2 /* main.m */,
				CF75449A191612600093F3F2 /* TPPersonalityParty-Prefix.pch */,
			);
			name = "Supporting Files";
			sourceTree = "<group>";
		};
		CF7544B6191612600093F3F2 /* TPPersonalityPartyTests */ = {
			isa = PBXGroup;
			children = (
				CF7544BC191612600093F3F2 /* TPPersonalityPartyTests.m */,
				CF7544B7191612600093F3F2 /* Supporting Files */,
			);
			path = TPPersonalityPartyTests;
			sourceTree = "<group>";
		};
		CF7544B7191612600093F3F2 /* Supporting Files */ = {
			isa = PBXGroup;
			children = (
				CF7544B8191612600093F3F2 /* TPPersonalityPartyTests-Info.plist */,
				CF7544B9191612600093F3F2 /* InfoPlist.strings */,
			);
			name = "Supporting Files";
			sourceTree = "<group>";
		};
/* End PBXGroup section */

/* Begin PBXNativeTarget section */
		CF754486191612600093F3F2 /* TPPersonalityParty */ = {
			isa = PBXNativeTarget;
			buildConfigurationList = CF7544C0191612600093F3F2 /* Build configuration list for PBXNativeTarget "TPPersonalityParty" */;
			buildPhases = (
				92AC6FB32AA14B9FAF290C9D /* Check Pods Manifest.lock */,
				CF754483191612600093F3F2 /* Sources */,
				CFBE3A16193E0D16005FA0B4 /* Resources */,
				CF754484191612600093F3F2 /* Frameworks */,
				90BE8F17AE7142678FBCA9F2 /* Copy Pods Resources */,
				CF26630A1940028D00FB47BD /* ShellScript */,
			);
			buildRules = (
			);
			dependencies = (
			);
			name = TPPersonalityParty;
			productName = TPPersonalityParty;
			productReference = CF754487191612600093F3F2 /* TPPersonalityParty.app */;
			productType = "com.apple.product-type.application";
		};
		CF7544AE191612600093F3F2 /* TPPersonalityPartyTests */ = {
			isa = PBXNativeTarget;
			buildConfigurationList = CF7544C3191612600093F3F2 /* Build configuration list for PBXNativeTarget "TPPersonalityPartyTests" */;
			buildPhases = (
				58EB8895F471448F88032948 /* Check Pods Manifest.lock */,
				CF7544AB191612600093F3F2 /* Sources */,
				CF7544AC191612600093F3F2 /* Frameworks */,
				CF7544AD191612600093F3F2 /* Resources */,
				68F2A804EEDA46D9A75A8E05 /* Copy Pods Resources */,
			);
			buildRules = (
			);
			dependencies = (
				CF7544B5191612600093F3F2 /* PBXTargetDependency */,
			);
			name = TPPersonalityPartyTests;
			productName = TPPersonalityPartyTests;
			productReference = CF7544AF191612600093F3F2 /* TPPersonalityPartyTests.xctest */;
			productType = "com.apple.product-type.bundle.unit-test";
		};
/* End PBXNativeTarget section */

/* Begin PBXProject section */
		CF75447F1916125F0093F3F2 /* Project object */ = {
			isa = PBXProject;
			attributes = {
				CLASSPREFIX = TP;
				LastUpgradeCheck = 0510;
				ORGANIZATIONNAME = Tidepool;
				TargetAttributes = {
					CF754486191612600093F3F2 = {
						DevelopmentTeam = 6AM6RAJ294;
					};
					CF7544AE191612600093F3F2 = {
						TestTargetID = CF754486191612600093F3F2;
					};
				};
			};
			buildConfigurationList = CF7544821916125F0093F3F2 /* Build configuration list for PBXProject "TPPersonalityParty" */;
			compatibilityVersion = "Xcode 3.2";
			developmentRegion = English;
			hasScannedForEncodings = 0;
			knownRegions = (
				en,
				Base,
			);
			mainGroup = CF75447E1916125F0093F3F2;
			productRefGroup = CF754488191612600093F3F2 /* Products */;
			projectDirPath = "";
			projectRoot = "";
			targets = (
				CF754486191612600093F3F2 /* TPPersonalityParty */,
				CF7544AE191612600093F3F2 /* TPPersonalityPartyTests */,
			);
		};
/* End PBXProject section */

/* Begin PBXResourcesBuildPhase section */
		CF7544AD191612600093F3F2 /* Resources */ = {
			isa = PBXResourcesBuildPhase;
			buildActionMask = 2147483647;
			files = (
				CF7544BB191612600093F3F2 /* InfoPlist.strings in Resources */,
			);
			runOnlyForDeploymentPostprocessing = 0;
		};
		CFBE3A16193E0D16005FA0B4 /* Resources */ = {
			isa = PBXResourcesBuildPhase;
			buildActionMask = 2147483647;
			files = (
				96E380BC1A148D8A00967BF4 /* samantha2-blur-bg@2x.jpg in Resources */,
				96E380651A148D8A00967BF4 /* afterparty-bg.jpg in Resources */,
				96E380B41A148D8A00967BF4 /* samantha1-bg@2x.jpg in Resources */,
				96E380B51A148D8A00967BF4 /* samantha1-blur-bg.jpg in Resources */,
				96E380711A148D8A00967BF4 /* arrived-bubble-food.png in Resources */,
				96E380A01A148D8A00967BF4 /* goodbye-arm@2x.png in Resources */,
				96E380911A148D8A00967BF4 /* food-bubble-foreign.png in Resources */,
				96E380A11A148D8A00967BF4 /* goodbye-bg.jpg in Resources */,
				96E3808F1A148D8A00967BF4 /* food-bubble-comfort.png in Resources */,
				96E380881A148D8A00967BF4 /* beliefs-speechbubble@2x.png in Resources */,
				96E380B71A148D8A00967BF4 /* samantha2-3-speechbubble.png in Resources */,
				96E380A91A148D8A00967BF4 /* messyroom-bg.jpg in Resources */,
				CF3DA9D8193ED8C000F100EC /* settings_local.plist in Resources */,
				96E380AC1A148D8A00967BF4 /* messyroom-blur-bg@2x.jpg in Resources */,
				96E380741A148D8A00967BF4 /* arrived-bubble-mysteriousstrangers@2x.png in Resources */,
				CF3DA9D9193ED8C000F100EC /* settings_production.plist in Resources */,
				96E380891A148D8A00967BF4 /* cleanupwine-bg.jpg in Resources */,
				96E380961A148D8A00967BF4 /* food-bubble-spicy@2x.png in Resources */,
				96E380A21A148D8A00967BF4 /* goodbye-bg@2x.jpg in Resources */,
				96E380BE1A148D8A00967BF4 /* samantha3-bg@2x.jpg in Resources */,
				96E380CA1A148D8A00967BF4 /* store-blur-bg@2x.jpg in Resources */,
				96E380C21A148D8A00967BF4 /* samantha4-bg@2x.jpg in Resources */,
				96E380931A148D8A00967BF4 /* food-bubble-host.png in Resources */,
				96E380BB1A148D8A00967BF4 /* samantha2-blur-bg.jpg in Resources */,
				96E380BF1A148D8A00967BF4 /* samantha3-blur-bg.jpg in Resources */,
				96E380CB1A148D8A00967BF4 /* tvshow-bg.jpg in Resources */,
				96E3809C1A148D8A00967BF4 /* food-host@2x.png in Resources */,
				96E3809B1A148D8A00967BF4 /* food-host.png in Resources */,
				96E380661A148D8A00967BF4 /* afterparty-bg@2x.jpg in Resources */,
				96E380A31A148D8A00967BF4 /* goodbye-blur-bg.jpg in Resources */,
				96E380941A148D8A00967BF4 /* food-bubble-host@2x.png in Resources */,
				96E3806D1A148D8A00967BF4 /* arrived-bubble-aquantance.png in Resources */,
				96E3808E1A148D8A00967BF4 /* food-bg@2x.jpg in Resources */,
				96E380AE1A148D8A00967BF4 /* messyroom-cellphone@2x.png in Resources */,
				96E380951A148D8A00967BF4 /* food-bubble-spicy.png in Resources */,
				96E3808C1A148D8A00967BF4 /* cleanupwine-blur-bg@2x.jpg in Resources */,
				96E380A81A148D8A00967BF4 /* knockoverwine-blur-bg@2x.jpg in Resources */,
				96E380BA1A148D8A00967BF4 /* samantha2-bg@2x.jpg in Resources */,
				96E380B01A148D8A00967BF4 /* religioustalk-bg@2x.jpg in Resources */,
				96E3806B1A148D8A00967BF4 /* arrived-bg.jpg in Resources */,
				96E3807E1A148D8A00967BF4 /* badnews-bg@2x.jpg in Resources */,
				96E380C51A148D8A00967BF4 /* samantha4-speechbubble.png in Resources */,
				96E380C31A148D8A00967BF4 /* samantha4-blur-bg.jpg in Resources */,
				96E380781A148D8A00967BF4 /* arrived-mysteriousstrangers@2x.png in Resources */,
				96E380861A148D8A00967BF4 /* beliefs-blur-bg@2x.jpg in Resources */,
				96E380A61A148D8A00967BF4 /* knockoverwine-bg@2x.jpg in Resources */,
				96E380AD1A148D8A00967BF4 /* messyroom-cellphone.png in Resources */,
				96E3809E1A148D8A00967BF4 /* food-spicy@2x.png in Resources */,
				96E380A71A148D8A00967BF4 /* knockoverwine-blur-bg.jpg in Resources */,
				96E3809F1A148D8A00967BF4 /* goodbye-arm.png in Resources */,
				96E380AF1A148D8A00967BF4 /* religioustalk-bg.jpg in Resources */,
				96E3807B1A148D8A00967BF4 /* audience-blur-bg.jpg in Resources */,
				96E380A51A148D8A00967BF4 /* knockoverwine-bg.jpg in Resources */,
				96E3806E1A148D8A00967BF4 /* arrived-bubble-aquantance@2x.png in Resources */,
				96E380B91A148D8A00967BF4 /* samantha2-bg.jpg in Resources */,
				96E380B21A148D8A00967BF4 /* religioustalk-blur-bg@2x.jpg in Resources */,
				96E380841A148D8A00967BF4 /* beliefs-bg@2x.jpg in Resources */,
				96E3806C1A148D8A00967BF4 /* arrived-bg@2x.jpg in Resources */,
				96E380831A148D8A00967BF4 /* beliefs-bg.jpg in Resources */,
				96E380C41A148D8A00967BF4 /* samantha4-blur-bg@2x.jpg in Resources */,
				96E380B61A148D8A00967BF4 /* samantha1-blur-bg@2x.jpg in Resources */,
				96E380BD1A148D8A00967BF4 /* samantha3-bg.jpg in Resources */,
				96E3807A1A148D8A00967BF4 /* audience-bg@2x.jpg in Resources */,
				96E380C91A148D8A00967BF4 /* store-blur-bg.jpg in Resources */,
				96E380C61A148D8A00967BF4 /* samantha4-speechbubble@2x.png in Resources */,
				96E3808B1A148D8A00967BF4 /* cleanupwine-blur-bg.jpg in Resources */,
				96E380981A148D8A00967BF4 /* food-comfort@2x.png in Resources */,
				96E380CC1A148D8A00967BF4 /* tvshow-bg@2x.jpg in Resources */,
				96E380971A148D8A00967BF4 /* food-comfort.png in Resources */,
				CF3DA9DA193ED8C000F100EC /* settings_test.plist in Resources */,
				96E380921A148D8A00967BF4 /* food-bubble-foreign@2x.png in Resources */,
				96E3808A1A148D8A00967BF4 /* cleanupwine-bg@2x.jpg in Resources */,
				96E380771A148D8A00967BF4 /* arrived-mysteriousstrangers.png in Resources */,
				96E3808D1A148D8A00967BF4 /* food-bg.jpg in Resources */,
				96E3809A1A148D8A00967BF4 /* food-foreign@2x.png in Resources */,
				96E380AA1A148D8A00967BF4 /* messyroom-bg@2x.jpg in Resources */,
				96E3807F1A148D8A00967BF4 /* badnews-blur-bg.jpg in Resources */,
				CF3DA9DB193ED8C000F100EC /* settings.plist in Resources */,
				96E380731A148D8A00967BF4 /* arrived-bubble-mysteriousstrangers.png in Resources */,
				96E380C11A148D8A00967BF4 /* samantha4-bg.jpg in Resources */,
				96E380991A148D8A00967BF4 /* food-foreign.png in Resources */,
				96E380751A148D8A00967BF4 /* arrived-food.png in Resources */,
				96E3807C1A148D8A00967BF4 /* audience-blur-bg@2x.jpg in Resources */,
				96E380871A148D8A00967BF4 /* beliefs-speechbubble.png in Resources */,
				96E380B31A148D8A00967BF4 /* samantha1-bg.jpg in Resources */,
				96E380801A148D8A00967BF4 /* badnews-blur-bg@2x.jpg in Resources */,
				CF3DA9DC193ED8C000F100EC /* InfoPlist.strings in Resources */,
				96E380CF1A148D8A00967BF4 /* TPPrePartyQuestionViewController.xib in Resources */,
				96E380C81A148D8A00967BF4 /* store-bg@2x.jpg in Resources */,
				96E380811A148D8A00967BF4 /* badnews-cellphone.png in Resources */,
				96E380A41A148D8A00967BF4 /* goodbye-blur-bg@2x.jpg in Resources */,
				96E380701A148D8A00967BF4 /* arrived-bubble-balcony@2x.png in Resources */,
				96E380B81A148D8A00967BF4 /* samantha2-3-speechbubble@2x.png in Resources */,
				CFBE3A17193E0D20005FA0B4 /* Images.xcassets in Resources */,
				96E380851A148D8A00967BF4 /* beliefs-blur-bg.jpg in Resources */,
				96E380691A148D8A00967BF4 /* arrived-aquantance.png in Resources */,
				96E3807D1A148D8A00967BF4 /* badnews-bg.jpg in Resources */,
				96E3806A1A148D8A00967BF4 /* arrived-aquantance@2x.png in Resources */,
				96E380761A148D8A00967BF4 /* arrived-food@2x.png in Resources */,
				96E3806F1A148D8A00967BF4 /* arrived-bubble-balcony.png in Resources */,
				96E380CE1A148D8A00967BF4 /* TPPassthroughQuestionViewController.xib in Resources */,
				96E380821A148D8A00967BF4 /* badnews-cellphone@2x.png in Resources */,
				96E380721A148D8A00967BF4 /* arrived-bubble-food@2x.png in Resources */,
				96E380CD1A148D8A00967BF4 /* personalityparty_data.json in Resources */,
				96E380641A148D8A00967BF4 /* .gitkeep in Resources */,
				96E380681A148D8A00967BF4 /* afterparty-blur-bg@2x.jpg in Resources */,
				96E380C71A148D8A00967BF4 /* store-bg.jpg in Resources */,
				96E380791A148D8A00967BF4 /* audience-bg.jpg in Resources */,
				96E380D01A148D8A00967BF4 /* TPSideMultipleChoiceQuestionViewController.xib in Resources */,
				96E380B11A148D8A00967BF4 /* religioustalk-blur-bg.jpg in Resources */,
				96E380AB1A148D8A00967BF4 /* messyroom-blur-bg.jpg in Resources */,
				96E380901A148D8A00967BF4 /* food-bubble-comfort@2x.png in Resources */,
				96E3809D1A148D8A00967BF4 /* food-spicy.png in Resources */,
				96E380671A148D8A00967BF4 /* afterparty-blur-bg.jpg in Resources */,
				96E380C01A148D8A00967BF4 /* samantha3-blur-bg@2x.jpg in Resources */,
			);
			runOnlyForDeploymentPostprocessing = 0;
		};
/* End PBXResourcesBuildPhase section */

/* Begin PBXShellScriptBuildPhase section */
		58EB8895F471448F88032948 /* Check Pods Manifest.lock */ = {
			isa = PBXShellScriptBuildPhase;
			buildActionMask = 2147483647;
			files = (
			);
			inputPaths = (
			);
			name = "Check Pods Manifest.lock";
			outputPaths = (
			);
			runOnlyForDeploymentPostprocessing = 0;
			shellPath = /bin/sh;
			shellScript = "diff \"${PODS_ROOT}/../Podfile.lock\" \"${PODS_ROOT}/Manifest.lock\" > /dev/null\nif [[ $? != 0 ]] ; then\n    cat << EOM\nerror: The sandbox is not in sync with the Podfile.lock. Run 'pod install' or update your CocoaPods installation.\nEOM\n    exit 1\nfi\n";
			showEnvVarsInLog = 0;
		};
		68F2A804EEDA46D9A75A8E05 /* Copy Pods Resources */ = {
			isa = PBXShellScriptBuildPhase;
			buildActionMask = 2147483647;
			files = (
			);
			inputPaths = (
			);
			name = "Copy Pods Resources";
			outputPaths = (
			);
			runOnlyForDeploymentPostprocessing = 0;
			shellPath = /bin/sh;
			shellScript = "\"${SRCROOT}/Pods/Target Support Files/Pods-TPPersonalityPartyTests/Pods-TPPersonalityPartyTests-resources.sh\"\n";
			showEnvVarsInLog = 0;
		};
		90BE8F17AE7142678FBCA9F2 /* Copy Pods Resources */ = {
			isa = PBXShellScriptBuildPhase;
			buildActionMask = 2147483647;
			files = (
			);
			inputPaths = (
			);
			name = "Copy Pods Resources";
			outputPaths = (
			);
			runOnlyForDeploymentPostprocessing = 0;
			shellPath = /bin/sh;
			shellScript = "\"${SRCROOT}/Pods/Target Support Files/Pods/Pods-resources.sh\"\n";
			showEnvVarsInLog = 0;
		};
		92AC6FB32AA14B9FAF290C9D /* Check Pods Manifest.lock */ = {
			isa = PBXShellScriptBuildPhase;
			buildActionMask = 2147483647;
			files = (
			);
			inputPaths = (
			);
			name = "Check Pods Manifest.lock";
			outputPaths = (
			);
			runOnlyForDeploymentPostprocessing = 0;
			shellPath = /bin/sh;
			shellScript = "diff \"${PODS_ROOT}/../Podfile.lock\" \"${PODS_ROOT}/Manifest.lock\" > /dev/null\nif [[ $? != 0 ]] ; then\n    cat << EOM\nerror: The sandbox is not in sync with the Podfile.lock. Run 'pod install' or update your CocoaPods installation.\nEOM\n    exit 1\nfi\n";
			showEnvVarsInLog = 0;
		};
		CF26630A1940028D00FB47BD /* ShellScript */ = {
			isa = PBXShellScriptBuildPhase;
			buildActionMask = 2147483647;
			files = (
			);
			inputPaths = (
			);
			outputPaths = (
			);
			runOnlyForDeploymentPostprocessing = 0;
			shellPath = /bin/sh;
			shellScript = "if [ \"Release\" = \"${CONFIGURATION}\" ]; then\n    echo \"Running Crashlytics\"\n    ./Pods/CrashlyticsFramework/Crashlytics.framework/run 9f8541995b58309d5b2b3052d5446a21c880f2eb\nfi";
		};
/* End PBXShellScriptBuildPhase section */

/* Begin PBXSourcesBuildPhase section */
		CF754483191612600093F3F2 /* Sources */ = {
			isa = PBXSourcesBuildPhase;
			buildActionMask = 2147483647;
			files = (
				CF75449D191612600093F3F2 /* TPAppDelegate.m in Sources */,
				CF754499191612600093F3F2 /* main.m in Sources */,
			);
			runOnlyForDeploymentPostprocessing = 0;
		};
		CF7544AB191612600093F3F2 /* Sources */ = {
			isa = PBXSourcesBuildPhase;
			buildActionMask = 2147483647;
			files = (
				CF7544BD191612600093F3F2 /* TPPersonalityPartyTests.m in Sources */,
			);
			runOnlyForDeploymentPostprocessing = 0;
		};
/* End PBXSourcesBuildPhase section */

/* Begin PBXTargetDependency section */
		CF7544B5191612600093F3F2 /* PBXTargetDependency */ = {
			isa = PBXTargetDependency;
			target = CF754486191612600093F3F2 /* TPPersonalityParty */;
			targetProxy = CF7544B4191612600093F3F2 /* PBXContainerItemProxy */;
		};
/* End PBXTargetDependency section */

/* Begin PBXVariantGroup section */
		CF754495191612600093F3F2 /* InfoPlist.strings */ = {
			isa = PBXVariantGroup;
			children = (
				CF754496191612600093F3F2 /* en */,
			);
			name = InfoPlist.strings;
			sourceTree = "<group>";
		};
		CF7544B9191612600093F3F2 /* InfoPlist.strings */ = {
			isa = PBXVariantGroup;
			children = (
				CF7544BA191612600093F3F2 /* en */,
			);
			name = InfoPlist.strings;
			sourceTree = "<group>";
		};
/* End PBXVariantGroup section */

/* Begin XCBuildConfiguration section */
		CF7544BE191612600093F3F2 /* Debug */ = {
			isa = XCBuildConfiguration;
			buildSettings = {
				ALWAYS_SEARCH_USER_PATHS = NO;
				CLANG_CXX_LANGUAGE_STANDARD = "gnu++0x";
				CLANG_CXX_LIBRARY = "libc++";
				CLANG_ENABLE_MODULES = YES;
				CLANG_ENABLE_OBJC_ARC = YES;
				CLANG_WARN_BOOL_CONVERSION = YES;
				CLANG_WARN_CONSTANT_CONVERSION = YES;
				CLANG_WARN_DIRECT_OBJC_ISA_USAGE = YES_ERROR;
				CLANG_WARN_EMPTY_BODY = YES;
				CLANG_WARN_ENUM_CONVERSION = YES;
				CLANG_WARN_INT_CONVERSION = YES;
				CLANG_WARN_OBJC_ROOT_CLASS = YES_ERROR;
				CLANG_WARN__DUPLICATE_METHOD_MATCH = YES;
				"CODE_SIGN_IDENTITY[sdk=iphoneos*]" = "iPhone Developer";
				COPY_PHASE_STRIP = NO;
				GCC_C_LANGUAGE_STANDARD = gnu99;
				GCC_DYNAMIC_NO_PIC = NO;
				GCC_OPTIMIZATION_LEVEL = 0;
				GCC_PREPROCESSOR_DEFINITIONS = (
					"DEBUG=1",
					"$(inherited)",
				);
				GCC_SYMBOLS_PRIVATE_EXTERN = NO;
				GCC_WARN_64_TO_32_BIT_CONVERSION = YES;
				GCC_WARN_ABOUT_RETURN_TYPE = YES_ERROR;
				GCC_WARN_UNDECLARED_SELECTOR = YES;
				GCC_WARN_UNINITIALIZED_AUTOS = YES_AGGRESSIVE;
				GCC_WARN_UNUSED_FUNCTION = YES;
				GCC_WARN_UNUSED_VARIABLE = YES;
				IPHONEOS_DEPLOYMENT_TARGET = 7.1;
				ONLY_ACTIVE_ARCH = YES;
				SDKROOT = iphoneos;
			};
			name = Debug;
		};
		CF7544BF191612600093F3F2 /* Release */ = {
			isa = XCBuildConfiguration;
			buildSettings = {
				ALWAYS_SEARCH_USER_PATHS = NO;
				CLANG_CXX_LANGUAGE_STANDARD = "gnu++0x";
				CLANG_CXX_LIBRARY = "libc++";
				CLANG_ENABLE_MODULES = YES;
				CLANG_ENABLE_OBJC_ARC = YES;
				CLANG_WARN_BOOL_CONVERSION = YES;
				CLANG_WARN_CONSTANT_CONVERSION = YES;
				CLANG_WARN_DIRECT_OBJC_ISA_USAGE = YES_ERROR;
				CLANG_WARN_EMPTY_BODY = YES;
				CLANG_WARN_ENUM_CONVERSION = YES;
				CLANG_WARN_INT_CONVERSION = YES;
				CLANG_WARN_OBJC_ROOT_CLASS = YES_ERROR;
				CLANG_WARN__DUPLICATE_METHOD_MATCH = YES;
				"CODE_SIGN_IDENTITY[sdk=iphoneos*]" = "iPhone Developer";
				COPY_PHASE_STRIP = YES;
				ENABLE_NS_ASSERTIONS = NO;
				GCC_C_LANGUAGE_STANDARD = gnu99;
				GCC_WARN_64_TO_32_BIT_CONVERSION = YES;
				GCC_WARN_ABOUT_RETURN_TYPE = YES_ERROR;
				GCC_WARN_UNDECLARED_SELECTOR = YES;
				GCC_WARN_UNINITIALIZED_AUTOS = YES_AGGRESSIVE;
				GCC_WARN_UNUSED_FUNCTION = YES;
				GCC_WARN_UNUSED_VARIABLE = YES;
				IPHONEOS_DEPLOYMENT_TARGET = 7.1;
				SDKROOT = iphoneos;
				VALIDATE_PRODUCT = YES;
			};
			name = Release;
		};
		CF7544C1191612600093F3F2 /* Debug */ = {
			isa = XCBuildConfiguration;
			baseConfigurationReference = 64CD2F3E6279510AF618C38F /* Pods.debug.xcconfig */;
			buildSettings = {
				ASSETCATALOG_COMPILER_APPICON_NAME = AppIcon;
				ASSETCATALOG_COMPILER_LAUNCHIMAGE_NAME = LaunchImage;
				CODE_SIGN_IDENTITY = "iPhone Developer";
				"CODE_SIGN_IDENTITY[sdk=iphoneos*]" = "iPhone Developer";
				GCC_PRECOMPILE_PREFIX_HEADER = YES;
				GCC_PREFIX_HEADER = "TPPersonalityParty/TPPersonalityParty-Prefix.pch";
				INFOPLIST_FILE = "TPPersonalityParty/TPPersonalityParty-Info.plist";
				INFOPLIST_PREFIX_HEADER = InfoPlist.h;
				INFOPLIST_PREPROCESS = YES;
				IPHONEOS_DEPLOYMENT_TARGET = 7.0;
				PRODUCT_NAME = "$(TARGET_NAME)";
				PROVISIONING_PROFILE = "";
				SPRITEKIT_TEXTURE_ATLAS_OUTPUT = YES;
				WRAPPER_EXTENSION = app;
			};
			name = Debug;
		};
		CF7544C2191612600093F3F2 /* Release */ = {
			isa = XCBuildConfiguration;
			baseConfigurationReference = 00A61F6416492245F38ABF8D /* Pods.release.xcconfig */;
			buildSettings = {
				ASSETCATALOG_COMPILER_APPICON_NAME = AppIcon;
				ASSETCATALOG_COMPILER_LAUNCHIMAGE_NAME = LaunchImage;
				CODE_SIGN_IDENTITY = "iPhone Developer";
				"CODE_SIGN_IDENTITY[sdk=iphoneos*]" = "iPhone Distribution";
				GCC_PRECOMPILE_PREFIX_HEADER = YES;
				GCC_PREFIX_HEADER = "TPPersonalityParty/TPPersonalityParty-Prefix.pch";
				INFOPLIST_FILE = "TPPersonalityParty/TPPersonalityParty-Info.plist";
				INFOPLIST_PREFIX_HEADER = InfoPlist.h;
				INFOPLIST_PREPROCESS = YES;
				IPHONEOS_DEPLOYMENT_TARGET = 7.0;
				PRODUCT_NAME = "$(TARGET_NAME)";
				PROVISIONING_PROFILE = "";
				SPRITEKIT_TEXTURE_ATLAS_OUTPUT = YES;
				WRAPPER_EXTENSION = app;
			};
			name = Release;
		};
		CF7544C4191612600093F3F2 /* Debug */ = {
			isa = XCBuildConfiguration;
			baseConfigurationReference = 60988438E718CA882EC5B4EE /* Pods-TPPersonalityPartyTests.debug.xcconfig */;
			buildSettings = {
				BUNDLE_LOADER = "$(BUILT_PRODUCTS_DIR)/TPPersonalityParty.app/TPPersonalityParty";
				FRAMEWORK_SEARCH_PATHS = (
					"$(SDKROOT)/Developer/Library/Frameworks",
					"$(inherited)",
					"$(DEVELOPER_FRAMEWORKS_DIR)",
				);
				GCC_PRECOMPILE_PREFIX_HEADER = YES;
				GCC_PREFIX_HEADER = "TPPersonalityParty/TPPersonalityParty-Prefix.pch";
				GCC_PREPROCESSOR_DEFINITIONS = (
					"DEBUG=1",
					"$(inherited)",
				);
				INFOPLIST_FILE = "TPPersonalityPartyTests/TPPersonalityPartyTests-Info.plist";
				PRODUCT_NAME = "$(TARGET_NAME)";
				TEST_HOST = "$(BUNDLE_LOADER)";
				WRAPPER_EXTENSION = xctest;
			};
			name = Debug;
		};
		CF7544C5191612600093F3F2 /* Release */ = {
			isa = XCBuildConfiguration;
			baseConfigurationReference = 085F0420AA1B27A9B8B51933 /* Pods-TPPersonalityPartyTests.release.xcconfig */;
			buildSettings = {
				BUNDLE_LOADER = "$(BUILT_PRODUCTS_DIR)/TPPersonalityParty.app/TPPersonalityParty";
				FRAMEWORK_SEARCH_PATHS = (
					"$(SDKROOT)/Developer/Library/Frameworks",
					"$(inherited)",
					"$(DEVELOPER_FRAMEWORKS_DIR)",
				);
				GCC_PRECOMPILE_PREFIX_HEADER = YES;
				GCC_PREFIX_HEADER = "TPPersonalityParty/TPPersonalityParty-Prefix.pch";
				INFOPLIST_FILE = "TPPersonalityPartyTests/TPPersonalityPartyTests-Info.plist";
				PRODUCT_NAME = "$(TARGET_NAME)";
				TEST_HOST = "$(BUNDLE_LOADER)";
				WRAPPER_EXTENSION = xctest;
			};
			name = Release;
		};
/* End XCBuildConfiguration section */

/* Begin XCConfigurationList section */
		CF7544821916125F0093F3F2 /* Build configuration list for PBXProject "TPPersonalityParty" */ = {
			isa = XCConfigurationList;
			buildConfigurations = (
				CF7544BE191612600093F3F2 /* Debug */,
				CF7544BF191612600093F3F2 /* Release */,
			);
			defaultConfigurationIsVisible = 0;
			defaultConfigurationName = Release;
		};
		CF7544C0191612600093F3F2 /* Build configuration list for PBXNativeTarget "TPPersonalityParty" */ = {
			isa = XCConfigurationList;
			buildConfigurations = (
				CF7544C1191612600093F3F2 /* Debug */,
				CF7544C2191612600093F3F2 /* Release */,
			);
			defaultConfigurationIsVisible = 0;
			defaultConfigurationName = Release;
		};
		CF7544C3191612600093F3F2 /* Build configuration list for PBXNativeTarget "TPPersonalityPartyTests" */ = {
			isa = XCConfigurationList;
			buildConfigurations = (
				CF7544C4191612600093F3F2 /* Debug */,
				CF7544C5191612600093F3F2 /* Release */,
			);
			defaultConfigurationIsVisible = 0;
			defaultConfigurationName = Release;
		};
/* End XCConfigurationList section */
	};
	rootObject = CF75447F1916125F0093F3F2 /* Project object */;
}
